// !$*UTF8*$!
{
	archiveVersion = 1;
	classes = {
	};
	objectVersion = 50;
	objects = {

/* Begin PBXBuildFile section */
		10BAF3F924B2986A00242DF2 /* AppDelegate.swift in Sources */ = {isa = PBXBuildFile; fileRef = 10BAF3F824B2986A00242DF2 /* AppDelegate.swift */; };
		10BAF3FB24B2986A00242DF2 /* SceneDelegate.swift in Sources */ = {isa = PBXBuildFile; fileRef = 10BAF3FA24B2986A00242DF2 /* SceneDelegate.swift */; };
		10BAF3FD24B2986A00242DF2 /* HomeViewController.swift in Sources */ = {isa = PBXBuildFile; fileRef = 10BAF3FC24B2986A00242DF2 /* HomeViewController.swift */; };
		10BAF40024B2986A00242DF2 /* Main.storyboard in Resources */ = {isa = PBXBuildFile; fileRef = 10BAF3FE24B2986A00242DF2 /* Main.storyboard */; };
		10BAF40224B2986C00242DF2 /* Assets.xcassets in Resources */ = {isa = PBXBuildFile; fileRef = 10BAF40124B2986C00242DF2 /* Assets.xcassets */; };
		10BAF40524B2986C00242DF2 /* LaunchScreen.storyboard in Resources */ = {isa = PBXBuildFile; fileRef = 10BAF40324B2986C00242DF2 /* LaunchScreen.storyboard */; };
		10BAF40E24B29A7900242DF2 /* DetailsViewController.swift in Sources */ = {isa = PBXBuildFile; fileRef = 10BAF40D24B29A7900242DF2 /* DetailsViewController.swift */; };
		10BAF41124B29AA300242DF2 /* HeaderViewController.swift in Sources */ = {isa = PBXBuildFile; fileRef = 10BAF40F24B29AA300242DF2 /* HeaderViewController.swift */; };
		10BAF41224B29AA300242DF2 /* HeaderViewController.xib in Resources */ = {isa = PBXBuildFile; fileRef = 10BAF41024B29AA300242DF2 /* HeaderViewController.xib */; };
/* End PBXBuildFile section */

/* Begin PBXFileReference section */
		10BAF3F524B2986A00242DF2 /* ViewReusableComponent.app */ = {isa = PBXFileReference; explicitFileType = wrapper.application; includeInIndex = 0; path = ViewReusableComponent.app; sourceTree = BUILT_PRODUCTS_DIR; };
		10BAF3F824B2986A00242DF2 /* AppDelegate.swift */ = {isa = PBXFileReference; lastKnownFileType = sourcecode.swift; path = AppDelegate.swift; sourceTree = "<group>"; };
		10BAF3FA24B2986A00242DF2 /* SceneDelegate.swift */ = {isa = PBXFileReference; lastKnownFileType = sourcecode.swift; path = SceneDelegate.swift; sourceTree = "<group>"; };
		10BAF3FC24B2986A00242DF2 /* HomeViewController.swift */ = {isa = PBXFileReference; lastKnownFileType = sourcecode.swift; path = HomeViewController.swift; sourceTree = "<group>"; };
		10BAF3FF24B2986A00242DF2 /* Base */ = {isa = PBXFileReference; lastKnownFileType = file.storyboard; name = Base; path = Base.lproj/Main.storyboard; sourceTree = "<group>"; };
		10BAF40124B2986C00242DF2 /* Assets.xcassets */ = {isa = PBXFileReference; lastKnownFileType = folder.assetcatalog; path = Assets.xcassets; sourceTree = "<group>"; };
		10BAF40424B2986C00242DF2 /* Base */ = {isa = PBXFileReference; lastKnownFileType = file.storyboard; name = Base; path = Base.lproj/LaunchScreen.storyboard; sourceTree = "<group>"; };
		10BAF40624B2986C00242DF2 /* Info.plist */ = {isa = PBXFileReference; lastKnownFileType = text.plist.xml; path = Info.plist; sourceTree = "<group>"; };
		10BAF40D24B29A7900242DF2 /* DetailsViewController.swift */ = {isa = PBXFileReference; lastKnownFileType = sourcecode.swift; path = DetailsViewController.swift; sourceTree = "<group>"; };
		10BAF40F24B29AA300242DF2 /* HeaderViewController.swift */ = {isa = PBXFileReference; lastKnownFileType = sourcecode.swift; path = HeaderViewController.swift; sourceTree = "<group>"; };
		10BAF41024B29AA300242DF2 /* HeaderViewController.xib */ = {isa = PBXFileReference; lastKnownFileType = file.xib; path = HeaderViewController.xib; sourceTree = "<group>"; };
/* End PBXFileReference section */

/* Begin PBXFrameworksBuildPhase section */
		10BAF3F224B2986A00242DF2 /* Frameworks */ = {
			isa = PBXFrameworksBuildPhase;
			buildActionMask = 2147483647;
			files = (
			);
			runOnlyForDeploymentPostprocessing = 0;
		};
/* End PBXFrameworksBuildPhase section */

/* Begin PBXGroup section */
		10BAF3EC24B2986A00242DF2 = {
			isa = PBXGroup;
			children = (
				10BAF3F724B2986A00242DF2 /* ViewReusableComponent */,
				10BAF3F624B2986A00242DF2 /* Products */,
			);
			sourceTree = "<group>";
		};
		10BAF3F624B2986A00242DF2 /* Products */ = {
			isa = PBXGroup;
			children = (
				10BAF3F524B2986A00242DF2 /* ViewReusableComponent.app */,
			);
			name = Products;
			sourceTree = "<group>";
		};
		10BAF3F724B2986A00242DF2 /* ViewReusableComponent */ = {
			isa = PBXGroup;
			children = (
				10BAF41324B29AAF00242DF2 /* ReusableComponent */,
				10BAF40C24B2987600242DF2 /* SupportFiles */,
				10BAF3FC24B2986A00242DF2 /* HomeViewController.swift */,
				10BAF40D24B29A7900242DF2 /* DetailsViewController.swift */,
				10BAF40624B2986C00242DF2 /* Info.plist */,
			);
			path = ViewReusableComponent;
			sourceTree = "<group>";
		};
		10BAF40C24B2987600242DF2 /* SupportFiles */ = {
			isa = PBXGroup;
			children = (
				10BAF40124B2986C00242DF2 /* Assets.xcassets */,
				10BAF40324B2986C00242DF2 /* LaunchScreen.storyboard */,
				10BAF3FE24B2986A00242DF2 /* Main.storyboard */,
				10BAF3FA24B2986A00242DF2 /* SceneDelegate.swift */,
				10BAF3F824B2986A00242DF2 /* AppDelegate.swift */,
			);
			path = SupportFiles;
			sourceTree = "<group>";
		};
		10BAF41324B29AAF00242DF2 /* ReusableComponent */ = {
			isa = PBXGroup;
			children = (
				10BAF40F24B29AA300242DF2 /* HeaderViewController.swift */,
				10BAF41024B29AA300242DF2 /* HeaderViewController.xib */,
			);
			path = ReusableComponent;
			sourceTree = "<group>";
		};
/* End PBXGroup section */

/* Begin PBXNativeTarget section */
		10BAF3F424B2986A00242DF2 /* ViewReusableComponent */ = {
			isa = PBXNativeTarget;
			buildConfigurationList = 10BAF40924B2986C00242DF2 /* Build configuration list for PBXNativeTarget "ViewReusableComponent" */;
			buildPhases = (
				10BAF3F124B2986A00242DF2 /* Sources */,
				10BAF3F224B2986A00242DF2 /* Frameworks */,
				10BAF3F324B2986A00242DF2 /* Resources */,
			);
			buildRules = (
			);
			dependencies = (
			);
			name = ViewReusableComponent;
			productName = ViewReusableComponent;
			productReference = 10BAF3F524B2986A00242DF2 /* ViewReusableComponent.app */;
			productType = "com.apple.product-type.application";
		};
/* End PBXNativeTarget section */

/* Begin PBXProject section */
		10BAF3ED24B2986A00242DF2 /* Project object */ = {
			isa = PBXProject;
			attributes = {
				LastSwiftUpdateCheck = 1150;
				LastUpgradeCheck = 1150;
				ORGANIZATIONNAME = "Muhammad Abdullah Al Mamun";
				TargetAttributes = {
					10BAF3F424B2986A00242DF2 = {
						CreatedOnToolsVersion = 11.5;
					};
				};
			};
			buildConfigurationList = 10BAF3F024B2986A00242DF2 /* Build configuration list for PBXProject "ViewReusableComponent" */;
			compatibilityVersion = "Xcode 9.3";
			developmentRegion = en;
			hasScannedForEncodings = 0;
			knownRegions = (
				en,
				Base,
			);
			mainGroup = 10BAF3EC24B2986A00242DF2;
			productRefGroup = 10BAF3F624B2986A00242DF2 /* Products */;
			projectDirPath = "";
			projectRoot = "";
			targets = (
				10BAF3F424B2986A00242DF2 /* ViewReusableComponent */,
			);
		};
/* End PBXProject section */

/* Begin PBXResourcesBuildPhase section */
		10BAF3F324B2986A00242DF2 /* Resources */ = {
			isa = PBXResourcesBuildPhase;
			buildActionMask = 2147483647;
			files = (
				10BAF40524B2986C00242DF2 /* LaunchScreen.storyboard in Resources */,
				10BAF41224B29AA300242DF2 /* HeaderViewController.xib in Resources */,
				10BAF40224B2986C00242DF2 /* Assets.xcassets in Resources */,
				10BAF40024B2986A00242DF2 /* Main.storyboard in Resources */,
			);
			runOnlyForDeploymentPostprocessing = 0;
		};
/* End PBXResourcesBuildPhase section */

/* Begin PBXSourcesBuildPhase section */
		10BAF3F124B2986A00242DF2 /* Sources */ = {
			isa = PBXSourcesBuildPhase;
			buildActionMask = 2147483647;
			files = (
				10BAF3FD24B2986A00242DF2 /* HomeViewController.swift in Sources */,
				10BAF3F924B2986A00242DF2 /* AppDelegate.swift in Sources */,
				10BAF41124B29AA300242DF2 /* HeaderViewController.swift in Sources */,
				10BAF3FB24B2986A00242DF2 /* SceneDelegate.swift in Sources */,
				10BAF40E24B29A7900242DF2 /* DetailsViewController.swift in Sources */,
			);
			runOnlyForDeploymentPostprocessing = 0;
		};
/* End PBXSourcesBuildPhase section */

/* Begin PBXVariantGroup section */
		10BAF3FE24B2986A00242DF2 /* Main.storyboard */ = {
			isa = PBXVariantGroup;
			children = (
				10BAF3FF24B2986A00242DF2 /* Base */,
			);
			name = Main.storyboard;
			sourceTree = "<group>";
		};
		10BAF40324B2986C00242DF2 /* LaunchScreen.storyboard */ = {
			isa = PBXVariantGroup;
			children = (
				10BAF40424B2986C00242DF2 /* Base */,
			);
			name = LaunchScreen.storyboard;
			sourceTree = "<group>";
		};
/* End PBXVariantGroup section */

/* Begin XCBuildConfiguration section */
		10BAF40724B2986C00242DF2 /* Debug */ = {
			isa = XCBuildConfiguration;
			buildSettings = {
				ALWAYS_SEARCH_USER_PATHS = NO;
				CLANG_ANALYZER_NONNULL = YES;
				CLANG_ANALYZER_NUMBER_OBJECT_CONVERSION = YES_AGGRESSIVE;
				CLANG_CXX_LANGUAGE_STANDARD = "gnu++14";
				CLANG_CXX_LIBRARY = "libc++";
				CLANG_ENABLE_MODULES = YES;
				CLANG_ENABLE_OBJC_ARC = YES;
				CLANG_ENABLE_OBJC_WEAK = YES;
				CLANG_WARN_BLOCK_CAPTURE_AUTORELEASING = YES;
				CLANG_WARN_BOOL_CONVERSION = YES;
				CLANG_WARN_COMMA = YES;
				CLANG_WARN_CONSTANT_CONVERSION = YES;
				CLANG_WARN_DEPRECATED_OBJC_IMPLEMENTATIONS = YES;
				CLANG_WARN_DIRECT_OBJC_ISA_USAGE = YES_ERROR;
				CLANG_WARN_DOCUMENTATION_COMMENTS = YES;
				CLANG_WARN_EMPTY_BODY = YES;
				CLANG_WARN_ENUM_CONVERSION = YES;
				CLANG_WARN_INFINITE_RECURSION = YES;
				CLANG_WARN_INT_CONVERSION = YES;
				CLANG_WARN_NON_LITERAL_NULL_CONVERSION = YES;
				CLANG_WARN_OBJC_IMPLICIT_RETAIN_SELF = YES;
				CLANG_WARN_OBJC_LITERAL_CONVERSION = YES;
				CLANG_WARN_OBJC_ROOT_CLASS = YES_ERROR;
				CLANG_WARN_RANGE_LOOP_ANALYSIS = YES;
				CLANG_WARN_STRICT_PROTOTYPES = YES;
				CLANG_WARN_SUSPICIOUS_MOVE = YES;
				CLANG_WARN_UNGUARDED_AVAILABILITY = YES_AGGRESSIVE;
				CLANG_WARN_UNREACHABLE_CODE = YES;
				CLANG_WARN__DUPLICATE_METHOD_MATCH = YES;
				COPY_PHASE_STRIP = NO;
				DEBUG_INFORMATION_FORMAT = dwarf;
				ENABLE_STRICT_OBJC_MSGSEND = YES;
				ENABLE_TESTABILITY = YES;
				GCC_C_LANGUAGE_STANDARD = gnu11;
				GCC_DYNAMIC_NO_PIC = NO;
				GCC_NO_COMMON_BLOCKS = YES;
				GCC_OPTIMIZATION_LEVEL = 0;
				GCC_PREPROCESSOR_DEFINITIONS = (
					"DEBUG=1",
					"$(inherited)",
				);
				GCC_WARN_64_TO_32_BIT_CONVERSION = YES;
				GCC_WARN_ABOUT_RETURN_TYPE = YES_ERROR;
				GCC_WARN_UNDECLARED_SELECTOR = YES;
				GCC_WARN_UNINITIALIZED_AUTOS = YES_AGGRESSIVE;
				GCC_WARN_UNUSED_FUNCTION = YES;
				GCC_WARN_UNUSED_VARIABLE = YES;
				IPHONEOS_DEPLOYMENT_TARGET = 13.5;
				MTL_ENABLE_DEBUG_INFO = INCLUDE_SOURCE;
				MTL_FAST_MATH = YES;
				ONLY_ACTIVE_ARCH = YES;
				SDKROOT = iphoneos;
				SWIFT_ACTIVE_COMPILATION_CONDITIONS = DEBUG;
				SWIFT_OPTIMIZATION_LEVEL = "-Onone";
			};
			name = Debug;
		};
		10BAF40824B2986C00242DF2 /* Release */ = {
			isa = XCBuildConfiguration;
			buildSettings = {
				ALWAYS_SEARCH_USER_PATHS = NO;
				CLANG_ANALYZER_NONNULL = YES;
				CLANG_ANALYZER_NUMBER_OBJECT_CONVERSION = YES_AGGRESSIVE;
				CLANG_CXX_LANGUAGE_STANDARD = "gnu++14";
				CLANG_CXX_LIBRARY = "libc++";
				CLANG_ENABLE_MODULES = YES;
				CLANG_ENABLE_OBJC_ARC = YES;
				CLANG_ENABLE_OBJC_WEAK = YES;
				CLANG_WARN_BLOCK_CAPTURE_AUTORELEASING = YES;
				CLANG_WARN_BOOL_CONVERSION = YES;
				CLANG_WARN_COMMA = YES;
				CLANG_WARN_CONSTANT_CONVERSION = YES;
				CLANG_WARN_DEPRECATED_OBJC_IMPLEMENTATIONS = YES;
				CLANG_WARN_DIRECT_OBJC_ISA_USAGE = YES_ERROR;
				CLANG_WARN_DOCUMENTATION_COMMENTS = YES;
				CLANG_WARN_EMPTY_BODY = YES;
				CLANG_WARN_ENUM_CONVERSION = YES;
				CLANG_WARN_INFINITE_RECURSION = YES;
				CLANG_WARN_INT_CONVERSION = YES;
				CLANG_WARN_NON_LITERAL_NULL_CONVERSION = YES;
				CLANG_WARN_OBJC_IMPLICIT_RETAIN_SELF = YES;
				CLANG_WARN_OBJC_LITERAL_CONVERSION = YES;
				CLANG_WARN_OBJC_ROOT_CLASS = YES_ERROR;
				CLANG_WARN_RANGE_LOOP_ANALYSIS = YES;
				CLANG_WARN_STRICT_PROTOTYPES = YES;
				CLANG_WARN_SUSPICIOUS_MOVE = YES;
				CLANG_WARN_UNGUARDED_AVAILABILITY = YES_AGGRESSIVE;
				CLANG_WARN_UNREACHABLE_CODE = YES;
				CLANG_WARN__DUPLICATE_METHOD_MATCH = YES;
				COPY_PHASE_STRIP = NO;
				DEBUG_INFORMATION_FORMAT = "dwarf-with-dsym";
				ENABLE_NS_ASSERTIONS = NO;
				ENABLE_STRICT_OBJC_MSGSEND = YES;
				GCC_C_LANGUAGE_STANDARD = gnu11;
				GCC_NO_COMMON_BLOCKS = YES;
				GCC_WARN_64_TO_32_BIT_CONVERSION = YES;
				GCC_WARN_ABOUT_RETURN_TYPE = YES_ERROR;
				GCC_WARN_UNDECLARED_SELECTOR = YES;
				GCC_WARN_UNINITIALIZED_AUTOS = YES_AGGRESSIVE;
				GCC_WARN_UNUSED_FUNCTION = YES;
				GCC_WARN_UNUSED_VARIABLE = YES;
				IPHONEOS_DEPLOYMENT_TARGET = 13.5;
				MTL_ENABLE_DEBUG_INFO = NO;
				MTL_FAST_MATH = YES;
				SDKROOT = iphoneos;
				SWIFT_COMPILATION_MODE = wholemodule;
				SWIFT_OPTIMIZATION_LEVEL = "-O";
				VALIDATE_PRODUCT = YES;
			};
			name = Release;
		};
		10BAF40A24B2986C00242DF2 /* Debug */ = {
			isa = XCBuildConfiguration;
			buildSettings = {
				ASSETCATALOG_COMPILER_APPICON_NAME = AppIcon;
				CODE_SIGN_STYLE = Automatic;
				DEVELOPMENT_TEAM = S587T76P6H;
				INFOPLIST_FILE = ViewReusableComponent/Info.plist;
				LD_RUNPATH_SEARCH_PATHS = (
					"$(inherited)",
					"@executable_path/Frameworks",
				);
				PRODUCT_BUNDLE_IDENTIFIER = com.abdullah.ViewReusableComponent;
				PRODUCT_NAME = "$(TARGET_NAME)";
				SWIFT_VERSION = 5.0;
				TARGETED_DEVICE_FAMILY = "1,2";
			};
			name = Debug;
		};
		10BAF40B24B2986C00242DF2 /* Release */ = {
			isa = XCBuildConfiguration;
			buildSettings = {
				ASSETCATALOG_COMPILER_APPICON_NAME = AppIcon;
				CODE_SIGN_STYLE = Automatic;
				DEVELOPMENT_TEAM = S587T76P6H;
				INFOPLIST_FILE = ViewReusableComponent/Info.plist;
				LD_RUNPATH_SEARCH_PATHS = (
					"$(inherited)",
					"@executable_path/Frameworks",
				);
				PRODUCT_BUNDLE_IDENTIFIER = com.abdullah.ViewReusableComponent;
				PRODUCT_NAME = "$(TARGET_NAME)";
				SWIFT_VERSION = 5.0;
				TARGETED_DEVICE_FAMILY = "1,2";
			};
			name = Release;
		};
/* End XCBuildConfiguration section */

/* Begin XCConfigurationList section */
		10BAF3F024B2986A00242DF2 /* Build configuration list for PBXProject "ViewReusableComponent" */ = {
			isa = XCConfigurationList;
			buildConfigurations = (
				10BAF40724B2986C00242DF2 /* Debug */,
				10BAF40824B2986C00242DF2 /* Release */,
			);
			defaultConfigurationIsVisible = 0;
			defaultConfigurationName = Release;
		};
		10BAF40924B2986C00242DF2 /* Build configuration list for PBXNativeTarget "ViewReusableComponent" */ = {
			isa = XCConfigurationList;
			buildConfigurations = (
				10BAF40A24B2986C00242DF2 /* Debug */,
				10BAF40B24B2986C00242DF2 /* Release */,
			);
			defaultConfigurationIsVisible = 0;
			defaultConfigurationName = Release;
		};
/* End XCConfigurationList section */
	};
	rootObject = 10BAF3ED24B2986A00242DF2 /* Project object */;
}
