// !$*UTF8*$!
{
	archiveVersion = 1;
	classes = {
	};
	objectVersion = 50;
	objects = {

/* Begin PBXBuildFile section */
		1B71B78124C5486B00DCE78D /* AppDelegate.swift in Sources */ = {isa = PBXBuildFile; fileRef = 1B71B78024C5486B00DCE78D /* AppDelegate.swift */; };
		1B71B78324C5486B00DCE78D /* SceneDelegate.swift in Sources */ = {isa = PBXBuildFile; fileRef = 1B71B78224C5486B00DCE78D /* SceneDelegate.swift */; };
		1B71B78524C5486B00DCE78D /* ViewController.swift in Sources */ = {isa = PBXBuildFile; fileRef = 1B71B78424C5486B00DCE78D /* ViewController.swift */; };
		1B71B78824C5486B00DCE78D /* Main.storyboard in Resources */ = {isa = PBXBuildFile; fileRef = 1B71B78624C5486B00DCE78D /* Main.storyboard */; };
		1B71B78A24C5486C00DCE78D /* Assets.xcassets in Resources */ = {isa = PBXBuildFile; fileRef = 1B71B78924C5486C00DCE78D /* Assets.xcassets */; };
		1B71B78D24C5486C00DCE78D /* LaunchScreen.storyboard in Resources */ = {isa = PBXBuildFile; fileRef = 1B71B78B24C5486C00DCE78D /* LaunchScreen.storyboard */; };
		1B71B79824C54D0D00DCE78D /* GallaryItemCollectionViewCell.swift in Sources */ = {isa = PBXBuildFile; fileRef = 1B71B79624C54D0D00DCE78D /* GallaryItemCollectionViewCell.swift */; };
		1B71B79924C54D0D00DCE78D /* GallaryItemCollectionViewCell.xib in Resources */ = {isa = PBXBuildFile; fileRef = 1B71B79724C54D0D00DCE78D /* GallaryItemCollectionViewCell.xib */; };
		1B71B79B24C5782F00DCE78D /* ImageViewerViewController.swift in Sources */ = {isa = PBXBuildFile; fileRef = 1B71B79A24C5782F00DCE78D /* ImageViewerViewController.swift */; };
/* End PBXBuildFile section */

/* Begin PBXFileReference section */
		1B71B77D24C5486B00DCE78D /* CollectionViewTestApplication.app */ = {isa = PBXFileReference; explicitFileType = wrapper.application; includeInIndex = 0; path = CollectionViewTestApplication.app; sourceTree = BUILT_PRODUCTS_DIR; };
		1B71B78024C5486B00DCE78D /* AppDelegate.swift */ = {isa = PBXFileReference; lastKnownFileType = sourcecode.swift; path = AppDelegate.swift; sourceTree = "<group>"; };
		1B71B78224C5486B00DCE78D /* SceneDelegate.swift */ = {isa = PBXFileReference; lastKnownFileType = sourcecode.swift; path = SceneDelegate.swift; sourceTree = "<group>"; };
		1B71B78424C5486B00DCE78D /* ViewController.swift */ = {isa = PBXFileReference; lastKnownFileType = sourcecode.swift; path = ViewController.swift; sourceTree = "<group>"; };
		1B71B78724C5486B00DCE78D /* Base */ = {isa = PBXFileReference; lastKnownFileType = file.storyboard; name = Base; path = Base.lproj/Main.storyboard; sourceTree = "<group>"; };
		1B71B78924C5486C00DCE78D /* Assets.xcassets */ = {isa = PBXFileReference; lastKnownFileType = folder.assetcatalog; path = Assets.xcassets; sourceTree = "<group>"; };
		1B71B78C24C5486C00DCE78D /* Base */ = {isa = PBXFileReference; lastKnownFileType = file.storyboard; name = Base; path = Base.lproj/LaunchScreen.storyboard; sourceTree = "<group>"; };
		1B71B78E24C5486C00DCE78D /* Info.plist */ = {isa = PBXFileReference; lastKnownFileType = text.plist.xml; path = Info.plist; sourceTree = "<group>"; };
		1B71B79624C54D0D00DCE78D /* GallaryItemCollectionViewCell.swift */ = {isa = PBXFileReference; lastKnownFileType = sourcecode.swift; path = GallaryItemCollectionViewCell.swift; sourceTree = "<group>"; };
		1B71B79724C54D0D00DCE78D /* GallaryItemCollectionViewCell.xib */ = {isa = PBXFileReference; lastKnownFileType = file.xib; path = GallaryItemCollectionViewCell.xib; sourceTree = "<group>"; };
		1B71B79A24C5782F00DCE78D /* ImageViewerViewController.swift */ = {isa = PBXFileReference; lastKnownFileType = sourcecode.swift; path = ImageViewerViewController.swift; sourceTree = "<group>"; };
/* End PBXFileReference section */

/* Begin PBXFrameworksBuildPhase section */
		1B71B77A24C5486B00DCE78D /* Frameworks */ = {
			isa = PBXFrameworksBuildPhase;
			buildActionMask = 2147483647;
			files = (
			);
			runOnlyForDeploymentPostprocessing = 0;
		};
/* End PBXFrameworksBuildPhase section */

/* Begin PBXGroup section */
		1B71B77424C5486B00DCE78D = {
			isa = PBXGroup;
			children = (
				1B71B77F24C5486B00DCE78D /* CollectionViewTestApplication */,
				1B71B77E24C5486B00DCE78D /* Products */,
			);
			sourceTree = "<group>";
		};
		1B71B77E24C5486B00DCE78D /* Products */ = {
			isa = PBXGroup;
			children = (
				1B71B77D24C5486B00DCE78D /* CollectionViewTestApplication.app */,
			);
			name = Products;
			sourceTree = "<group>";
		};
		1B71B77F24C5486B00DCE78D /* CollectionViewTestApplication */ = {
			isa = PBXGroup;
			children = (
				1B71B78024C5486B00DCE78D /* AppDelegate.swift */,
				1B71B78224C5486B00DCE78D /* SceneDelegate.swift */,
				1B71B78424C5486B00DCE78D /* ViewController.swift */,
				1B71B78624C5486B00DCE78D /* Main.storyboard */,
				1B71B78924C5486C00DCE78D /* Assets.xcassets */,
				1B71B78B24C5486C00DCE78D /* LaunchScreen.storyboard */,
				1B71B78E24C5486C00DCE78D /* Info.plist */,
				1B71B79624C54D0D00DCE78D /* GallaryItemCollectionViewCell.swift */,
				1B71B79724C54D0D00DCE78D /* GallaryItemCollectionViewCell.xib */,
				1B71B79A24C5782F00DCE78D /* ImageViewerViewController.swift */,
			);
			path = CollectionViewTestApplication;
			sourceTree = "<group>";
		};
/* End PBXGroup section */

/* Begin PBXNativeTarget section */
		1B71B77C24C5486B00DCE78D /* CollectionViewTestApplication */ = {
			isa = PBXNativeTarget;
			buildConfigurationList = 1B71B79124C5486C00DCE78D /* Build configuration list for PBXNativeTarget "CollectionViewTestApplication" */;
			buildPhases = (
				1B71B77924C5486B00DCE78D /* Sources */,
				1B71B77A24C5486B00DCE78D /* Frameworks */,
				1B71B77B24C5486B00DCE78D /* Resources */,
			);
			buildRules = (
			);
			dependencies = (
			);
			name = CollectionViewTestApplication;
			productName = CollectionViewTestApplication;
			productReference = 1B71B77D24C5486B00DCE78D /* CollectionViewTestApplication.app */;
			productType = "com.apple.product-type.application";
		};
/* End PBXNativeTarget section */

/* Begin PBXProject section */
		1B71B77524C5486B00DCE78D /* Project object */ = {
			isa = PBXProject;
			attributes = {
				LastSwiftUpdateCheck = 1130;
				LastUpgradeCheck = 1130;
				ORGANIZATIONNAME = raiyansharif;
				TargetAttributes = {
					1B71B77C24C5486B00DCE78D = {
						CreatedOnToolsVersion = 11.3.1;
					};
				};
			};
			buildConfigurationList = 1B71B77824C5486B00DCE78D /* Build configuration list for PBXProject "CollectionViewTestApplication" */;
			compatibilityVersion = "Xcode 9.3";
			developmentRegion = en;
			hasScannedForEncodings = 0;
			knownRegions = (
				en,
				Base,
			);
			mainGroup = 1B71B77424C5486B00DCE78D;
			productRefGroup = 1B71B77E24C5486B00DCE78D /* Products */;
			projectDirPath = "";
			projectRoot = "";
			targets = (
				1B71B77C24C5486B00DCE78D /* CollectionViewTestApplication */,
			);
		};
/* End PBXProject section */

/* Begin PBXResourcesBuildPhase section */
		1B71B77B24C5486B00DCE78D /* Resources */ = {
			isa = PBXResourcesBuildPhase;
			buildActionMask = 2147483647;
			files = (
				1B71B79924C54D0D00DCE78D /* GallaryItemCollectionViewCell.xib in Resources */,
				1B71B78D24C5486C00DCE78D /* LaunchScreen.storyboard in Resources */,
				1B71B78A24C5486C00DCE78D /* Assets.xcassets in Resources */,
				1B71B78824C5486B00DCE78D /* Main.storyboard in Resources */,
			);
			runOnlyForDeploymentPostprocessing = 0;
		};
/* End PBXResourcesBuildPhase section */

/* Begin PBXSourcesBuildPhase section */
		1B71B77924C5486B00DCE78D /* Sources */ = {
			isa = PBXSourcesBuildPhase;
			buildActionMask = 2147483647;
			files = (
				1B71B79824C54D0D00DCE78D /* GallaryItemCollectionViewCell.swift in Sources */,
				1B71B78524C5486B00DCE78D /* ViewController.swift in Sources */,
				1B71B78124C5486B00DCE78D /* AppDelegate.swift in Sources */,
				1B71B79B24C5782F00DCE78D /* ImageViewerViewController.swift in Sources */,
				1B71B78324C5486B00DCE78D /* SceneDelegate.swift in Sources */,
			);
			runOnlyForDeploymentPostprocessing = 0;
		};
/* End PBXSourcesBuildPhase section */

/* Begin PBXVariantGroup section */
		1B71B78624C5486B00DCE78D /* Main.storyboard */ = {
			isa = PBXVariantGroup;
			children = (
				1B71B78724C5486B00DCE78D /* Base */,
			);
			name = Main.storyboard;
			sourceTree = "<group>";
		};
		1B71B78B24C5486C00DCE78D /* LaunchScreen.storyboard */ = {
			isa = PBXVariantGroup;
			children = (
				1B71B78C24C5486C00DCE78D /* Base */,
			);
			name = LaunchScreen.storyboard;
			sourceTree = "<group>";
		};
/* End PBXVariantGroup section */

/* Begin XCBuildConfiguration section */
		1B71B78F24C5486C00DCE78D /* Debug */ = {
			isa = XCBuildConfiguration;
			buildSettings = {
				ALWAYS_SEARCH_USER_PATHS = NO;
				CLANG_ANALYZER_NONNULL = YES;
				CLANG_ANALYZER_NUMBER_OBJECT_CONVERSION = YES_AGGRESSIVE;
				CLANG_CXX_LANGUAGE_STANDARD = "gnu++14";
				CLANG_CXX_LIBRARY = "libc++";
				CLANG_ENABLE_MODULES = YES;
				CLANG_ENABLE_OBJC_ARC = YES;
				CLANG_ENABLE_OBJC_WEAK = YES;
				CLANG_WARN_BLOCK_CAPTURE_AUTORELEASING = YES;
				CLANG_WARN_BOOL_CONVERSION = YES;
				CLANG_WARN_COMMA = YES;
				CLANG_WARN_CONSTANT_CONVERSION = YES;
				CLANG_WARN_DEPRECATED_OBJC_IMPLEMENTATIONS = YES;
				CLANG_WARN_DIRECT_OBJC_ISA_USAGE = YES_ERROR;
				CLANG_WARN_DOCUMENTATION_COMMENTS = YES;
				CLANG_WARN_EMPTY_BODY = YES;
				CLANG_WARN_ENUM_CONVERSION = YES;
				CLANG_WARN_INFINITE_RECURSION = YES;
				CLANG_WARN_INT_CONVERSION = YES;
				CLANG_WARN_NON_LITERAL_NULL_CONVERSION = YES;
				CLANG_WARN_OBJC_IMPLICIT_RETAIN_SELF = YES;
				CLANG_WARN_OBJC_LITERAL_CONVERSION = YES;
				CLANG_WARN_OBJC_ROOT_CLASS = YES_ERROR;
				CLANG_WARN_RANGE_LOOP_ANALYSIS = YES;
				CLANG_WARN_STRICT_PROTOTYPES = YES;
				CLANG_WARN_SUSPICIOUS_MOVE = YES;
				CLANG_WARN_UNGUARDED_AVAILABILITY = YES_AGGRESSIVE;
				CLANG_WARN_UNREACHABLE_CODE = YES;
				CLANG_WARN__DUPLICATE_METHOD_MATCH = YES;
				COPY_PHASE_STRIP = NO;
				DEBUG_INFORMATION_FORMAT = dwarf;
				ENABLE_STRICT_OBJC_MSGSEND = YES;
				ENABLE_TESTABILITY = YES;
				GCC_C_LANGUAGE_STANDARD = gnu11;
				GCC_DYNAMIC_NO_PIC = NO;
				GCC_NO_COMMON_BLOCKS = YES;
				GCC_OPTIMIZATION_LEVEL = 0;
				GCC_PREPROCESSOR_DEFINITIONS = (
					"DEBUG=1",
					"$(inherited)",
				);
				GCC_WARN_64_TO_32_BIT_CONVERSION = YES;
				GCC_WARN_ABOUT_RETURN_TYPE = YES_ERROR;
				GCC_WARN_UNDECLARED_SELECTOR = YES;
				GCC_WARN_UNINITIALIZED_AUTOS = YES_AGGRESSIVE;
				GCC_WARN_UNUSED_FUNCTION = YES;
				GCC_WARN_UNUSED_VARIABLE = YES;
				IPHONEOS_DEPLOYMENT_TARGET = 13.2;
				MTL_ENABLE_DEBUG_INFO = INCLUDE_SOURCE;
				MTL_FAST_MATH = YES;
				ONLY_ACTIVE_ARCH = YES;
				SDKROOT = iphoneos;
				SWIFT_ACTIVE_COMPILATION_CONDITIONS = DEBUG;
				SWIFT_OPTIMIZATION_LEVEL = "-Onone";
			};
			name = Debug;
		};
		1B71B79024C5486C00DCE78D /* Release */ = {
			isa = XCBuildConfiguration;
			buildSettings = {
				ALWAYS_SEARCH_USER_PATHS = NO;
				CLANG_ANALYZER_NONNULL = YES;
				CLANG_ANALYZER_NUMBER_OBJECT_CONVERSION = YES_AGGRESSIVE;
				CLANG_CXX_LANGUAGE_STANDARD = "gnu++14";
				CLANG_CXX_LIBRARY = "libc++";
				CLANG_ENABLE_MODULES = YES;
				CLANG_ENABLE_OBJC_ARC = YES;
				CLANG_ENABLE_OBJC_WEAK = YES;
				CLANG_WARN_BLOCK_CAPTURE_AUTORELEASING = YES;
				CLANG_WARN_BOOL_CONVERSION = YES;
				CLANG_WARN_COMMA = YES;
				CLANG_WARN_CONSTANT_CONVERSION = YES;
				CLANG_WARN_DEPRECATED_OBJC_IMPLEMENTATIONS = YES;
				CLANG_WARN_DIRECT_OBJC_ISA_USAGE = YES_ERROR;
				CLANG_WARN_DOCUMENTATION_COMMENTS = YES;
				CLANG_WARN_EMPTY_BODY = YES;
				CLANG_WARN_ENUM_CONVERSION = YES;
				CLANG_WARN_INFINITE_RECURSION = YES;
				CLANG_WARN_INT_CONVERSION = YES;
				CLANG_WARN_NON_LITERAL_NULL_CONVERSION = YES;
				CLANG_WARN_OBJC_IMPLICIT_RETAIN_SELF = YES;
				CLANG_WARN_OBJC_LITERAL_CONVERSION = YES;
				CLANG_WARN_OBJC_ROOT_CLASS = YES_ERROR;
				CLANG_WARN_RANGE_LOOP_ANALYSIS = YES;
				CLANG_WARN_STRICT_PROTOTYPES = YES;
				CLANG_WARN_SUSPICIOUS_MOVE = YES;
				CLANG_WARN_UNGUARDED_AVAILABILITY = YES_AGGRESSIVE;
				CLANG_WARN_UNREACHABLE_CODE = YES;
				CLANG_WARN__DUPLICATE_METHOD_MATCH = YES;
				COPY_PHASE_STRIP = NO;
				DEBUG_INFORMATION_FORMAT = "dwarf-with-dsym";
				ENABLE_NS_ASSERTIONS = NO;
				ENABLE_STRICT_OBJC_MSGSEND = YES;
				GCC_C_LANGUAGE_STANDARD = gnu11;
				GCC_NO_COMMON_BLOCKS = YES;
				GCC_WARN_64_TO_32_BIT_CONVERSION = YES;
				GCC_WARN_ABOUT_RETURN_TYPE = YES_ERROR;
				GCC_WARN_UNDECLARED_SELECTOR = YES;
				GCC_WARN_UNINITIALIZED_AUTOS = YES_AGGRESSIVE;
				GCC_WARN_UNUSED_FUNCTION = YES;
				GCC_WARN_UNUSED_VARIABLE = YES;
				IPHONEOS_DEPLOYMENT_TARGET = 13.2;
				MTL_ENABLE_DEBUG_INFO = NO;
				MTL_FAST_MATH = YES;
				SDKROOT = iphoneos;
				SWIFT_COMPILATION_MODE = wholemodule;
				SWIFT_OPTIMIZATION_LEVEL = "-O";
				VALIDATE_PRODUCT = YES;
			};
			name = Release;
		};
		1B71B79224C5486C00DCE78D /* Debug */ = {
			isa = XCBuildConfiguration;
			buildSettings = {
				ASSETCATALOG_COMPILER_APPICON_NAME = AppIcon;
				CODE_SIGN_STYLE = Automatic;
				DEVELOPMENT_TEAM = 66MXJKH4WQ;
				INFOPLIST_FILE = CollectionViewTestApplication/Info.plist;
				LD_RUNPATH_SEARCH_PATHS = (
					"$(inherited)",
					"@executable_path/Frameworks",
				);
				PRODUCT_BUNDLE_IDENTIFIER = com.project.CollectionViewTestApplication;
				PRODUCT_NAME = "$(TARGET_NAME)";
				SWIFT_VERSION = 5.0;
				TARGETED_DEVICE_FAMILY = "1,2";
			};
			name = Debug;
		};
		1B71B79324C5486C00DCE78D /* Release */ = {
			isa = XCBuildConfiguration;
			buildSettings = {
				ASSETCATALOG_COMPILER_APPICON_NAME = AppIcon;
				CODE_SIGN_STYLE = Automatic;
				DEVELOPMENT_TEAM = 66MXJKH4WQ;
				INFOPLIST_FILE = CollectionViewTestApplication/Info.plist;
				LD_RUNPATH_SEARCH_PATHS = (
					"$(inherited)",
					"@executable_path/Frameworks",
				);
				PRODUCT_BUNDLE_IDENTIFIER = com.project.CollectionViewTestApplication;
				PRODUCT_NAME = "$(TARGET_NAME)";
				SWIFT_VERSION = 5.0;
				TARGETED_DEVICE_FAMILY = "1,2";
			};
			name = Release;
		};
/* End XCBuildConfiguration section */

/* Begin XCConfigurationList section */
		1B71B77824C5486B00DCE78D /* Build configuration list for PBXProject "CollectionViewTestApplication" */ = {
			isa = XCConfigurationList;
			buildConfigurations = (
				1B71B78F24C5486C00DCE78D /* Debug */,
				1B71B79024C5486C00DCE78D /* Release */,
			);
			defaultConfigurationIsVisible = 0;
			defaultConfigurationName = Release;
		};
		1B71B79124C5486C00DCE78D /* Build configuration list for PBXNativeTarget "CollectionViewTestApplication" */ = {
			isa = XCConfigurationList;
			buildConfigurations = (
				1B71B79224C5486C00DCE78D /* Debug */,
				1B71B79324C5486C00DCE78D /* Release */,
			);
			defaultConfigurationIsVisible = 0;
			defaultConfigurationName = Release;
		};
/* End XCConfigurationList section */
	};
	rootObject = 1B71B77524C5486B00DCE78D /* Project object */;
}
