// !$*UTF8*$!
{
	archiveVersion = 1;
	classes = {
	};
	objectVersion = 50;
	objects = {

/* Begin PBXBuildFile section */
		093E845A257506DA00D5FCB2 /* AppDelegate.swift in Sources */ = {isa = PBXBuildFile; fileRef = 093E8459257506DA00D5FCB2 /* AppDelegate.swift */; };
		093E845C257506DA00D5FCB2 /* SceneDelegate.swift in Sources */ = {isa = PBXBuildFile; fileRef = 093E845B257506DA00D5FCB2 /* SceneDelegate.swift */; };
		093E845E257506DA00D5FCB2 /* ViewController.swift in Sources */ = {isa = PBXBuildFile; fileRef = 093E845D257506DA00D5FCB2 /* ViewController.swift */; };
		093E8461257506DA00D5FCB2 /* Main.storyboard in Resources */ = {isa = PBXBuildFile; fileRef = 093E845F257506DA00D5FCB2 /* Main.storyboard */; };
		093E8463257506DC00D5FCB2 /* Assets.xcassets in Resources */ = {isa = PBXBuildFile; fileRef = 093E8462257506DC00D5FCB2 /* Assets.xcassets */; };
		093E8466257506DC00D5FCB2 /* LaunchScreen.storyboard in Resources */ = {isa = PBXBuildFile; fileRef = 093E8464257506DC00D5FCB2 /* LaunchScreen.storyboard */; };
		093E8471257507E800D5FCB2 /* SliderCollectionViewCell.swift in Sources */ = {isa = PBXBuildFile; fileRef = 093E846F257507E800D5FCB2 /* SliderCollectionViewCell.swift */; };
		093E8472257507E800D5FCB2 /* SliderCollectionViewCell.xib in Resources */ = {isa = PBXBuildFile; fileRef = 093E8470257507E800D5FCB2 /* SliderCollectionViewCell.xib */; };
/* End PBXBuildFile section */

/* Begin PBXFileReference section */
		093E8456257506DA00D5FCB2 /* ImageSliderSwift.app */ = {isa = PBXFileReference; explicitFileType = wrapper.application; includeInIndex = 0; path = ImageSliderSwift.app; sourceTree = BUILT_PRODUCTS_DIR; };
		093E8459257506DA00D5FCB2 /* AppDelegate.swift */ = {isa = PBXFileReference; lastKnownFileType = sourcecode.swift; path = AppDelegate.swift; sourceTree = "<group>"; };
		093E845B257506DA00D5FCB2 /* SceneDelegate.swift */ = {isa = PBXFileReference; lastKnownFileType = sourcecode.swift; path = SceneDelegate.swift; sourceTree = "<group>"; };
		093E845D257506DA00D5FCB2 /* ViewController.swift */ = {isa = PBXFileReference; lastKnownFileType = sourcecode.swift; path = ViewController.swift; sourceTree = "<group>"; };
		093E8460257506DA00D5FCB2 /* Base */ = {isa = PBXFileReference; lastKnownFileType = file.storyboard; name = Base; path = Base.lproj/Main.storyboard; sourceTree = "<group>"; };
		093E8462257506DC00D5FCB2 /* Assets.xcassets */ = {isa = PBXFileReference; lastKnownFileType = folder.assetcatalog; path = Assets.xcassets; sourceTree = "<group>"; };
		093E8465257506DC00D5FCB2 /* Base */ = {isa = PBXFileReference; lastKnownFileType = file.storyboard; name = Base; path = Base.lproj/LaunchScreen.storyboard; sourceTree = "<group>"; };
		093E8467257506DC00D5FCB2 /* Info.plist */ = {isa = PBXFileReference; lastKnownFileType = text.plist.xml; path = Info.plist; sourceTree = "<group>"; };
		093E846F257507E800D5FCB2 /* SliderCollectionViewCell.swift */ = {isa = PBXFileReference; fileEncoding = 4; lastKnownFileType = sourcecode.swift; path = SliderCollectionViewCell.swift; sourceTree = "<group>"; };
		093E8470257507E800D5FCB2 /* SliderCollectionViewCell.xib */ = {isa = PBXFileReference; fileEncoding = 4; lastKnownFileType = file.xib; path = SliderCollectionViewCell.xib; sourceTree = "<group>"; };
/* End PBXFileReference section */

/* Begin PBXFrameworksBuildPhase section */
		093E8453257506DA00D5FCB2 /* Frameworks */ = {
			isa = PBXFrameworksBuildPhase;
			buildActionMask = 2147483647;
			files = (
			);
			runOnlyForDeploymentPostprocessing = 0;
		};
/* End PBXFrameworksBuildPhase section */

/* Begin PBXGroup section */
		093E844D257506DA00D5FCB2 = {
			isa = PBXGroup;
			children = (
				093E8458257506DA00D5FCB2 /* ImageSliderSwift */,
				093E8457257506DA00D5FCB2 /* Products */,
			);
			sourceTree = "<group>";
		};
		093E8457257506DA00D5FCB2 /* Products */ = {
			isa = PBXGroup;
			children = (
				093E8456257506DA00D5FCB2 /* ImageSliderSwift.app */,
			);
			name = Products;
			sourceTree = "<group>";
		};
		093E8458257506DA00D5FCB2 /* ImageSliderSwift */ = {
			isa = PBXGroup;
			children = (
				093E846E257507DB00D5FCB2 /* Cell */,
				093E8459257506DA00D5FCB2 /* AppDelegate.swift */,
				093E845B257506DA00D5FCB2 /* SceneDelegate.swift */,
				093E845D257506DA00D5FCB2 /* ViewController.swift */,
				093E845F257506DA00D5FCB2 /* Main.storyboard */,
				093E8462257506DC00D5FCB2 /* Assets.xcassets */,
				093E8464257506DC00D5FCB2 /* LaunchScreen.storyboard */,
				093E8467257506DC00D5FCB2 /* Info.plist */,
			);
			path = ImageSliderSwift;
			sourceTree = "<group>";
		};
		093E846E257507DB00D5FCB2 /* Cell */ = {
			isa = PBXGroup;
			children = (
				093E846F257507E800D5FCB2 /* SliderCollectionViewCell.swift */,
				093E8470257507E800D5FCB2 /* SliderCollectionViewCell.xib */,
			);
			path = Cell;
			sourceTree = "<group>";
		};
/* End PBXGroup section */

/* Begin PBXNativeTarget section */
		093E8455257506DA00D5FCB2 /* ImageSliderSwift */ = {
			isa = PBXNativeTarget;
			buildConfigurationList = 093E846A257506DC00D5FCB2 /* Build configuration list for PBXNativeTarget "ImageSliderSwift" */;
			buildPhases = (
				093E8452257506DA00D5FCB2 /* Sources */,
				093E8453257506DA00D5FCB2 /* Frameworks */,
				093E8454257506DA00D5FCB2 /* Resources */,
			);
			buildRules = (
			);
			dependencies = (
			);
			name = ImageSliderSwift;
			productName = ImageSliderSwift;
			productReference = 093E8456257506DA00D5FCB2 /* ImageSliderSwift.app */;
			productType = "com.apple.product-type.application";
		};
/* End PBXNativeTarget section */

/* Begin PBXProject section */
		093E844E257506DA00D5FCB2 /* Project object */ = {
			isa = PBXProject;
			attributes = {
				LastSwiftUpdateCheck = 1200;
				LastUpgradeCheck = 1200;
				TargetAttributes = {
					093E8455257506DA00D5FCB2 = {
						CreatedOnToolsVersion = 12.0.1;
					};
				};
			};
			buildConfigurationList = 093E8451257506DA00D5FCB2 /* Build configuration list for PBXProject "ImageSliderSwift" */;
			compatibilityVersion = "Xcode 9.3";
			developmentRegion = en;
			hasScannedForEncodings = 0;
			knownRegions = (
				en,
				Base,
			);
			mainGroup = 093E844D257506DA00D5FCB2;
			productRefGroup = 093E8457257506DA00D5FCB2 /* Products */;
			projectDirPath = "";
			projectRoot = "";
			targets = (
				093E8455257506DA00D5FCB2 /* ImageSliderSwift */,
			);
		};
/* End PBXProject section */

/* Begin PBXResourcesBuildPhase section */
		093E8454257506DA00D5FCB2 /* Resources */ = {
			isa = PBXResourcesBuildPhase;
			buildActionMask = 2147483647;
			files = (
				093E8466257506DC00D5FCB2 /* LaunchScreen.storyboard in Resources */,
				093E8463257506DC00D5FCB2 /* Assets.xcassets in Resources */,
				093E8461257506DA00D5FCB2 /* Main.storyboard in Resources */,
				093E8472257507E800D5FCB2 /* SliderCollectionViewCell.xib in Resources */,
			);
			runOnlyForDeploymentPostprocessing = 0;
		};
/* End PBXResourcesBuildPhase section */

/* Begin PBXSourcesBuildPhase section */
		093E8452257506DA00D5FCB2 /* Sources */ = {
			isa = PBXSourcesBuildPhase;
			buildActionMask = 2147483647;
			files = (
				093E845E257506DA00D5FCB2 /* ViewController.swift in Sources */,
				093E845A257506DA00D5FCB2 /* AppDelegate.swift in Sources */,
				093E845C257506DA00D5FCB2 /* SceneDelegate.swift in Sources */,
				093E8471257507E800D5FCB2 /* SliderCollectionViewCell.swift in Sources */,
			);
			runOnlyForDeploymentPostprocessing = 0;
		};
/* End PBXSourcesBuildPhase section */

/* Begin PBXVariantGroup section */
		093E845F257506DA00D5FCB2 /* Main.storyboard */ = {
			isa = PBXVariantGroup;
			children = (
				093E8460257506DA00D5FCB2 /* Base */,
			);
			name = Main.storyboard;
			sourceTree = "<group>";
		};
		093E8464257506DC00D5FCB2 /* LaunchScreen.storyboard */ = {
			isa = PBXVariantGroup;
			children = (
				093E8465257506DC00D5FCB2 /* Base */,
			);
			name = LaunchScreen.storyboard;
			sourceTree = "<group>";
		};
/* End PBXVariantGroup section */

/* Begin XCBuildConfiguration section */
		093E8468257506DC00D5FCB2 /* Debug */ = {
			isa = XCBuildConfiguration;
			buildSettings = {
				ALWAYS_SEARCH_USER_PATHS = NO;
				CLANG_ANALYZER_NONNULL = YES;
				CLANG_ANALYZER_NUMBER_OBJECT_CONVERSION = YES_AGGRESSIVE;
				CLANG_CXX_LANGUAGE_STANDARD = "gnu++14";
				CLANG_CXX_LIBRARY = "libc++";
				CLANG_ENABLE_MODULES = YES;
				CLANG_ENABLE_OBJC_ARC = YES;
				CLANG_ENABLE_OBJC_WEAK = YES;
				CLANG_WARN_BLOCK_CAPTURE_AUTORELEASING = YES;
				CLANG_WARN_BOOL_CONVERSION = YES;
				CLANG_WARN_COMMA = YES;
				CLANG_WARN_CONSTANT_CONVERSION = YES;
				CLANG_WARN_DEPRECATED_OBJC_IMPLEMENTATIONS = YES;
				CLANG_WARN_DIRECT_OBJC_ISA_USAGE = YES_ERROR;
				CLANG_WARN_DOCUMENTATION_COMMENTS = YES;
				CLANG_WARN_EMPTY_BODY = YES;
				CLANG_WARN_ENUM_CONVERSION = YES;
				CLANG_WARN_INFINITE_RECURSION = YES;
				CLANG_WARN_INT_CONVERSION = YES;
				CLANG_WARN_NON_LITERAL_NULL_CONVERSION = YES;
				CLANG_WARN_OBJC_IMPLICIT_RETAIN_SELF = YES;
				CLANG_WARN_OBJC_LITERAL_CONVERSION = YES;
				CLANG_WARN_OBJC_ROOT_CLASS = YES_ERROR;
				CLANG_WARN_QUOTED_INCLUDE_IN_FRAMEWORK_HEADER = YES;
				CLANG_WARN_RANGE_LOOP_ANALYSIS = YES;
				CLANG_WARN_STRICT_PROTOTYPES = YES;
				CLANG_WARN_SUSPICIOUS_MOVE = YES;
				CLANG_WARN_UNGUARDED_AVAILABILITY = YES_AGGRESSIVE;
				CLANG_WARN_UNREACHABLE_CODE = YES;
				CLANG_WARN__DUPLICATE_METHOD_MATCH = YES;
				COPY_PHASE_STRIP = NO;
				DEBUG_INFORMATION_FORMAT = dwarf;
				ENABLE_STRICT_OBJC_MSGSEND = YES;
				ENABLE_TESTABILITY = YES;
				GCC_C_LANGUAGE_STANDARD = gnu11;
				GCC_DYNAMIC_NO_PIC = NO;
				GCC_NO_COMMON_BLOCKS = YES;
				GCC_OPTIMIZATION_LEVEL = 0;
				GCC_PREPROCESSOR_DEFINITIONS = (
					"DEBUG=1",
					"$(inherited)",
				);
				GCC_WARN_64_TO_32_BIT_CONVERSION = YES;
				GCC_WARN_ABOUT_RETURN_TYPE = YES_ERROR;
				GCC_WARN_UNDECLARED_SELECTOR = YES;
				GCC_WARN_UNINITIALIZED_AUTOS = YES_AGGRESSIVE;
				GCC_WARN_UNUSED_FUNCTION = YES;
				GCC_WARN_UNUSED_VARIABLE = YES;
				IPHONEOS_DEPLOYMENT_TARGET = 14.0;
				MTL_ENABLE_DEBUG_INFO = INCLUDE_SOURCE;
				MTL_FAST_MATH = YES;
				ONLY_ACTIVE_ARCH = YES;
				SDKROOT = iphoneos;
				SWIFT_ACTIVE_COMPILATION_CONDITIONS = DEBUG;
				SWIFT_OPTIMIZATION_LEVEL = "-Onone";
			};
			name = Debug;
		};
		093E8469257506DC00D5FCB2 /* Release */ = {
			isa = XCBuildConfiguration;
			buildSettings = {
				ALWAYS_SEARCH_USER_PATHS = NO;
				CLANG_ANALYZER_NONNULL = YES;
				CLANG_ANALYZER_NUMBER_OBJECT_CONVERSION = YES_AGGRESSIVE;
				CLANG_CXX_LANGUAGE_STANDARD = "gnu++14";
				CLANG_CXX_LIBRARY = "libc++";
				CLANG_ENABLE_MODULES = YES;
				CLANG_ENABLE_OBJC_ARC = YES;
				CLANG_ENABLE_OBJC_WEAK = YES;
				CLANG_WARN_BLOCK_CAPTURE_AUTORELEASING = YES;
				CLANG_WARN_BOOL_CONVERSION = YES;
				CLANG_WARN_COMMA = YES;
				CLANG_WARN_CONSTANT_CONVERSION = YES;
				CLANG_WARN_DEPRECATED_OBJC_IMPLEMENTATIONS = YES;
				CLANG_WARN_DIRECT_OBJC_ISA_USAGE = YES_ERROR;
				CLANG_WARN_DOCUMENTATION_COMMENTS = YES;
				CLANG_WARN_EMPTY_BODY = YES;
				CLANG_WARN_ENUM_CONVERSION = YES;
				CLANG_WARN_INFINITE_RECURSION = YES;
				CLANG_WARN_INT_CONVERSION = YES;
				CLANG_WARN_NON_LITERAL_NULL_CONVERSION = YES;
				CLANG_WARN_OBJC_IMPLICIT_RETAIN_SELF = YES;
				CLANG_WARN_OBJC_LITERAL_CONVERSION = YES;
				CLANG_WARN_OBJC_ROOT_CLASS = YES_ERROR;
				CLANG_WARN_QUOTED_INCLUDE_IN_FRAMEWORK_HEADER = YES;
				CLANG_WARN_RANGE_LOOP_ANALYSIS = YES;
				CLANG_WARN_STRICT_PROTOTYPES = YES;
				CLANG_WARN_SUSPICIOUS_MOVE = YES;
				CLANG_WARN_UNGUARDED_AVAILABILITY = YES_AGGRESSIVE;
				CLANG_WARN_UNREACHABLE_CODE = YES;
				CLANG_WARN__DUPLICATE_METHOD_MATCH = YES;
				COPY_PHASE_STRIP = NO;
				DEBUG_INFORMATION_FORMAT = "dwarf-with-dsym";
				ENABLE_NS_ASSERTIONS = NO;
				ENABLE_STRICT_OBJC_MSGSEND = YES;
				GCC_C_LANGUAGE_STANDARD = gnu11;
				GCC_NO_COMMON_BLOCKS = YES;
				GCC_WARN_64_TO_32_BIT_CONVERSION = YES;
				GCC_WARN_ABOUT_RETURN_TYPE = YES_ERROR;
				GCC_WARN_UNDECLARED_SELECTOR = YES;
				GCC_WARN_UNINITIALIZED_AUTOS = YES_AGGRESSIVE;
				GCC_WARN_UNUSED_FUNCTION = YES;
				GCC_WARN_UNUSED_VARIABLE = YES;
				IPHONEOS_DEPLOYMENT_TARGET = 14.0;
				MTL_ENABLE_DEBUG_INFO = NO;
				MTL_FAST_MATH = YES;
				SDKROOT = iphoneos;
				SWIFT_COMPILATION_MODE = wholemodule;
				SWIFT_OPTIMIZATION_LEVEL = "-O";
				VALIDATE_PRODUCT = YES;
			};
			name = Release;
		};
		093E846B257506DC00D5FCB2 /* Debug */ = {
			isa = XCBuildConfiguration;
			buildSettings = {
				ASSETCATALOG_COMPILER_APPICON_NAME = AppIcon;
				ASSETCATALOG_COMPILER_GLOBAL_ACCENT_COLOR_NAME = AccentColor;
				CODE_SIGN_STYLE = Automatic;
				DEVELOPMENT_TEAM = R975Y8X2C9;
				INFOPLIST_FILE = ImageSliderSwift/Info.plist;
				LD_RUNPATH_SEARCH_PATHS = (
					"$(inherited)",
					"@executable_path/Frameworks",
				);
				PRODUCT_BUNDLE_IDENTIFIER = comn.slider..ImageSliderSwift;
				PRODUCT_NAME = "$(TARGET_NAME)";
				SWIFT_VERSION = 5.0;
				TARGETED_DEVICE_FAMILY = "1,2";
			};
			name = Debug;
		};
		093E846C257506DC00D5FCB2 /* Release */ = {
			isa = XCBuildConfiguration;
			buildSettings = {
				ASSETCATALOG_COMPILER_APPICON_NAME = AppIcon;
				ASSETCATALOG_COMPILER_GLOBAL_ACCENT_COLOR_NAME = AccentColor;
				CODE_SIGN_STYLE = Automatic;
				DEVELOPMENT_TEAM = R975Y8X2C9;
				INFOPLIST_FILE = ImageSliderSwift/Info.plist;
				LD_RUNPATH_SEARCH_PATHS = (
					"$(inherited)",
					"@executable_path/Frameworks",
				);
				PRODUCT_BUNDLE_IDENTIFIER = comn.slider..ImageSliderSwift;
				PRODUCT_NAME = "$(TARGET_NAME)";
				SWIFT_VERSION = 5.0;
				TARGETED_DEVICE_FAMILY = "1,2";
			};
			name = Release;
		};
/* End XCBuildConfiguration section */

/* Begin XCConfigurationList section */
		093E8451257506DA00D5FCB2 /* Build configuration list for PBXProject "ImageSliderSwift" */ = {
			isa = XCConfigurationList;
			buildConfigurations = (
				093E8468257506DC00D5FCB2 /* Debug */,
				093E8469257506DC00D5FCB2 /* Release */,
			);
			defaultConfigurationIsVisible = 0;
			defaultConfigurationName = Release;
		};
		093E846A257506DC00D5FCB2 /* Build configuration list for PBXNativeTarget "ImageSliderSwift" */ = {
			isa = XCConfigurationList;
			buildConfigurations = (
				093E846B257506DC00D5FCB2 /* Debug */,
				093E846C257506DC00D5FCB2 /* Release */,
			);
			defaultConfigurationIsVisible = 0;
			defaultConfigurationName = Release;
		};
/* End XCConfigurationList section */
	};
	rootObject = 093E844E257506DA00D5FCB2 /* Project object */;
}
