// !$*UTF8*$!
{
	archiveVersion = 1;
	classes = {
	};
	objectVersion = 50;
	objects = {

/* Begin PBXBuildFile section */
		10C7511F24A6060500848094 /* AppDelegate.swift in Sources */ = {isa = PBXBuildFile; fileRef = 10C7511E24A6060500848094 /* AppDelegate.swift */; };
		10C7512124A6060500848094 /* SceneDelegate.swift in Sources */ = {isa = PBXBuildFile; fileRef = 10C7512024A6060500848094 /* SceneDelegate.swift */; };
		10C7512324A6060500848094 /* ViewController.swift in Sources */ = {isa = PBXBuildFile; fileRef = 10C7512224A6060500848094 /* ViewController.swift */; };
		10C7512624A6060500848094 /* Main.storyboard in Resources */ = {isa = PBXBuildFile; fileRef = 10C7512424A6060500848094 /* Main.storyboard */; };
		10C7512824A6060900848094 /* Assets.xcassets in Resources */ = {isa = PBXBuildFile; fileRef = 10C7512724A6060900848094 /* Assets.xcassets */; };
		10C7512B24A6060900848094 /* LaunchScreen.storyboard in Resources */ = {isa = PBXBuildFile; fileRef = 10C7512924A6060900848094 /* LaunchScreen.storyboard */; };
		10C7513424A606B200848094 /* BossViewController.swift in Sources */ = {isa = PBXBuildFile; fileRef = 10C7513324A606B200848094 /* BossViewController.swift */; };
		10C7513624A606C300848094 /* InternViewController.swift in Sources */ = {isa = PBXBuildFile; fileRef = 10C7513524A606C300848094 /* InternViewController.swift */; };
/* End PBXBuildFile section */

/* Begin PBXFileReference section */
		10C7511B24A6060500848094 /* DataPassing Using Protocol.app */ = {isa = PBXFileReference; explicitFileType = wrapper.application; includeInIndex = 0; path = "DataPassing Using Protocol.app"; sourceTree = BUILT_PRODUCTS_DIR; };
		10C7511E24A6060500848094 /* AppDelegate.swift */ = {isa = PBXFileReference; lastKnownFileType = sourcecode.swift; path = AppDelegate.swift; sourceTree = "<group>"; };
		10C7512024A6060500848094 /* SceneDelegate.swift */ = {isa = PBXFileReference; lastKnownFileType = sourcecode.swift; path = SceneDelegate.swift; sourceTree = "<group>"; };
		10C7512224A6060500848094 /* ViewController.swift */ = {isa = PBXFileReference; lastKnownFileType = sourcecode.swift; path = ViewController.swift; sourceTree = "<group>"; };
		10C7512524A6060500848094 /* Base */ = {isa = PBXFileReference; lastKnownFileType = file.storyboard; name = Base; path = Base.lproj/Main.storyboard; sourceTree = "<group>"; };
		10C7512724A6060900848094 /* Assets.xcassets */ = {isa = PBXFileReference; lastKnownFileType = folder.assetcatalog; path = Assets.xcassets; sourceTree = "<group>"; };
		10C7512A24A6060900848094 /* Base */ = {isa = PBXFileReference; lastKnownFileType = file.storyboard; name = Base; path = Base.lproj/LaunchScreen.storyboard; sourceTree = "<group>"; };
		10C7512C24A6060900848094 /* Info.plist */ = {isa = PBXFileReference; lastKnownFileType = text.plist.xml; path = Info.plist; sourceTree = "<group>"; };
		10C7513324A606B200848094 /* BossViewController.swift */ = {isa = PBXFileReference; lastKnownFileType = sourcecode.swift; path = BossViewController.swift; sourceTree = "<group>"; };
		10C7513524A606C300848094 /* InternViewController.swift */ = {isa = PBXFileReference; lastKnownFileType = sourcecode.swift; path = InternViewController.swift; sourceTree = "<group>"; };
/* End PBXFileReference section */

/* Begin PBXFrameworksBuildPhase section */
		10C7511824A6060400848094 /* Frameworks */ = {
			isa = PBXFrameworksBuildPhase;
			buildActionMask = 2147483647;
			files = (
			);
			runOnlyForDeploymentPostprocessing = 0;
		};
/* End PBXFrameworksBuildPhase section */

/* Begin PBXGroup section */
		10C7511224A6060400848094 = {
			isa = PBXGroup;
			children = (
				10C7511D24A6060500848094 /* DataPassing Using Protocol */,
				10C7511C24A6060500848094 /* Products */,
			);
			sourceTree = "<group>";
		};
		10C7511C24A6060500848094 /* Products */ = {
			isa = PBXGroup;
			children = (
				10C7511B24A6060500848094 /* DataPassing Using Protocol.app */,
			);
			name = Products;
			sourceTree = "<group>";
		};
		10C7511D24A6060500848094 /* DataPassing Using Protocol */ = {
			isa = PBXGroup;
			children = (
				10C7513224A6064300848094 /* SupportsFiles */,
				10C7512424A6060500848094 /* Main.storyboard */,
				10C7512924A6060900848094 /* LaunchScreen.storyboard */,
				10C7512C24A6060900848094 /* Info.plist */,
				10C7513524A606C300848094 /* InternViewController.swift */,
				10C7513324A606B200848094 /* BossViewController.swift */,
			);
			path = "DataPassing Using Protocol";
			sourceTree = "<group>";
		};
		10C7513224A6064300848094 /* SupportsFiles */ = {
			isa = PBXGroup;
			children = (
				10C7512724A6060900848094 /* Assets.xcassets */,
				10C7512224A6060500848094 /* ViewController.swift */,
				10C7512024A6060500848094 /* SceneDelegate.swift */,
				10C7511E24A6060500848094 /* AppDelegate.swift */,
			);
			path = SupportsFiles;
			sourceTree = "<group>";
		};
/* End PBXGroup section */

/* Begin PBXNativeTarget section */
		10C7511A24A6060400848094 /* DataPassing Using Protocol */ = {
			isa = PBXNativeTarget;
			buildConfigurationList = 10C7512F24A6060900848094 /* Build configuration list for PBXNativeTarget "DataPassing Using Protocol" */;
			buildPhases = (
				10C7511724A6060400848094 /* Sources */,
				10C7511824A6060400848094 /* Frameworks */,
				10C7511924A6060400848094 /* Resources */,
			);
			buildRules = (
			);
			dependencies = (
			);
			name = "DataPassing Using Protocol";
			productName = "DataPassing Using Protocol";
			productReference = 10C7511B24A6060500848094 /* DataPassing Using Protocol.app */;
			productType = "com.apple.product-type.application";
		};
/* End PBXNativeTarget section */

/* Begin PBXProject section */
		10C7511324A6060400848094 /* Project object */ = {
			isa = PBXProject;
			attributes = {
				LastSwiftUpdateCheck = 1150;
				LastUpgradeCheck = 1150;
				ORGANIZATIONNAME = "Muhammad Abdullah Al Mamun";
				TargetAttributes = {
					10C7511A24A6060400848094 = {
						CreatedOnToolsVersion = 11.5;
					};
				};
			};
			buildConfigurationList = 10C7511624A6060400848094 /* Build configuration list for PBXProject "DataPassing Using Protocol" */;
			compatibilityVersion = "Xcode 9.3";
			developmentRegion = en;
			hasScannedForEncodings = 0;
			knownRegions = (
				en,
				Base,
			);
			mainGroup = 10C7511224A6060400848094;
			productRefGroup = 10C7511C24A6060500848094 /* Products */;
			projectDirPath = "";
			projectRoot = "";
			targets = (
				10C7511A24A6060400848094 /* DataPassing Using Protocol */,
			);
		};
/* End PBXProject section */

/* Begin PBXResourcesBuildPhase section */
		10C7511924A6060400848094 /* Resources */ = {
			isa = PBXResourcesBuildPhase;
			buildActionMask = 2147483647;
			files = (
				10C7512B24A6060900848094 /* LaunchScreen.storyboard in Resources */,
				10C7512824A6060900848094 /* Assets.xcassets in Resources */,
				10C7512624A6060500848094 /* Main.storyboard in Resources */,
			);
			runOnlyForDeploymentPostprocessing = 0;
		};
/* End PBXResourcesBuildPhase section */

/* Begin PBXSourcesBuildPhase section */
		10C7511724A6060400848094 /* Sources */ = {
			isa = PBXSourcesBuildPhase;
			buildActionMask = 2147483647;
			files = (
				10C7513624A606C300848094 /* InternViewController.swift in Sources */,
				10C7512324A6060500848094 /* ViewController.swift in Sources */,
				10C7513424A606B200848094 /* BossViewController.swift in Sources */,
				10C7511F24A6060500848094 /* AppDelegate.swift in Sources */,
				10C7512124A6060500848094 /* SceneDelegate.swift in Sources */,
			);
			runOnlyForDeploymentPostprocessing = 0;
		};
/* End PBXSourcesBuildPhase section */

/* Begin PBXVariantGroup section */
		10C7512424A6060500848094 /* Main.storyboard */ = {
			isa = PBXVariantGroup;
			children = (
				10C7512524A6060500848094 /* Base */,
			);
			name = Main.storyboard;
			sourceTree = "<group>";
		};
		10C7512924A6060900848094 /* LaunchScreen.storyboard */ = {
			isa = PBXVariantGroup;
			children = (
				10C7512A24A6060900848094 /* Base */,
			);
			name = LaunchScreen.storyboard;
			sourceTree = "<group>";
		};
/* End PBXVariantGroup section */

/* Begin XCBuildConfiguration section */
		10C7512D24A6060900848094 /* Debug */ = {
			isa = XCBuildConfiguration;
			buildSettings = {
				ALWAYS_SEARCH_USER_PATHS = NO;
				CLANG_ANALYZER_NONNULL = YES;
				CLANG_ANALYZER_NUMBER_OBJECT_CONVERSION = YES_AGGRESSIVE;
				CLANG_CXX_LANGUAGE_STANDARD = "gnu++14";
				CLANG_CXX_LIBRARY = "libc++";
				CLANG_ENABLE_MODULES = YES;
				CLANG_ENABLE_OBJC_ARC = YES;
				CLANG_ENABLE_OBJC_WEAK = YES;
				CLANG_WARN_BLOCK_CAPTURE_AUTORELEASING = YES;
				CLANG_WARN_BOOL_CONVERSION = YES;
				CLANG_WARN_COMMA = YES;
				CLANG_WARN_CONSTANT_CONVERSION = YES;
				CLANG_WARN_DEPRECATED_OBJC_IMPLEMENTATIONS = YES;
				CLANG_WARN_DIRECT_OBJC_ISA_USAGE = YES_ERROR;
				CLANG_WARN_DOCUMENTATION_COMMENTS = YES;
				CLANG_WARN_EMPTY_BODY = YES;
				CLANG_WARN_ENUM_CONVERSION = YES;
				CLANG_WARN_INFINITE_RECURSION = YES;
				CLANG_WARN_INT_CONVERSION = YES;
				CLANG_WARN_NON_LITERAL_NULL_CONVERSION = YES;
				CLANG_WARN_OBJC_IMPLICIT_RETAIN_SELF = YES;
				CLANG_WARN_OBJC_LITERAL_CONVERSION = YES;
				CLANG_WARN_OBJC_ROOT_CLASS = YES_ERROR;
				CLANG_WARN_RANGE_LOOP_ANALYSIS = YES;
				CLANG_WARN_STRICT_PROTOTYPES = YES;
				CLANG_WARN_SUSPICIOUS_MOVE = YES;
				CLANG_WARN_UNGUARDED_AVAILABILITY = YES_AGGRESSIVE;
				CLANG_WARN_UNREACHABLE_CODE = YES;
				CLANG_WARN__DUPLICATE_METHOD_MATCH = YES;
				COPY_PHASE_STRIP = NO;
				DEBUG_INFORMATION_FORMAT = dwarf;
				ENABLE_STRICT_OBJC_MSGSEND = YES;
				ENABLE_TESTABILITY = YES;
				GCC_C_LANGUAGE_STANDARD = gnu11;
				GCC_DYNAMIC_NO_PIC = NO;
				GCC_NO_COMMON_BLOCKS = YES;
				GCC_OPTIMIZATION_LEVEL = 0;
				GCC_PREPROCESSOR_DEFINITIONS = (
					"DEBUG=1",
					"$(inherited)",
				);
				GCC_WARN_64_TO_32_BIT_CONVERSION = YES;
				GCC_WARN_ABOUT_RETURN_TYPE = YES_ERROR;
				GCC_WARN_UNDECLARED_SELECTOR = YES;
				GCC_WARN_UNINITIALIZED_AUTOS = YES_AGGRESSIVE;
				GCC_WARN_UNUSED_FUNCTION = YES;
				GCC_WARN_UNUSED_VARIABLE = YES;
				IPHONEOS_DEPLOYMENT_TARGET = 13.5;
				MTL_ENABLE_DEBUG_INFO = INCLUDE_SOURCE;
				MTL_FAST_MATH = YES;
				ONLY_ACTIVE_ARCH = YES;
				SDKROOT = iphoneos;
				SWIFT_ACTIVE_COMPILATION_CONDITIONS = DEBUG;
				SWIFT_OPTIMIZATION_LEVEL = "-Onone";
			};
			name = Debug;
		};
		10C7512E24A6060900848094 /* Release */ = {
			isa = XCBuildConfiguration;
			buildSettings = {
				ALWAYS_SEARCH_USER_PATHS = NO;
				CLANG_ANALYZER_NONNULL = YES;
				CLANG_ANALYZER_NUMBER_OBJECT_CONVERSION = YES_AGGRESSIVE;
				CLANG_CXX_LANGUAGE_STANDARD = "gnu++14";
				CLANG_CXX_LIBRARY = "libc++";
				CLANG_ENABLE_MODULES = YES;
				CLANG_ENABLE_OBJC_ARC = YES;
				CLANG_ENABLE_OBJC_WEAK = YES;
				CLANG_WARN_BLOCK_CAPTURE_AUTORELEASING = YES;
				CLANG_WARN_BOOL_CONVERSION = YES;
				CLANG_WARN_COMMA = YES;
				CLANG_WARN_CONSTANT_CONVERSION = YES;
				CLANG_WARN_DEPRECATED_OBJC_IMPLEMENTATIONS = YES;
				CLANG_WARN_DIRECT_OBJC_ISA_USAGE = YES_ERROR;
				CLANG_WARN_DOCUMENTATION_COMMENTS = YES;
				CLANG_WARN_EMPTY_BODY = YES;
				CLANG_WARN_ENUM_CONVERSION = YES;
				CLANG_WARN_INFINITE_RECURSION = YES;
				CLANG_WARN_INT_CONVERSION = YES;
				CLANG_WARN_NON_LITERAL_NULL_CONVERSION = YES;
				CLANG_WARN_OBJC_IMPLICIT_RETAIN_SELF = YES;
				CLANG_WARN_OBJC_LITERAL_CONVERSION = YES;
				CLANG_WARN_OBJC_ROOT_CLASS = YES_ERROR;
				CLANG_WARN_RANGE_LOOP_ANALYSIS = YES;
				CLANG_WARN_STRICT_PROTOTYPES = YES;
				CLANG_WARN_SUSPICIOUS_MOVE = YES;
				CLANG_WARN_UNGUARDED_AVAILABILITY = YES_AGGRESSIVE;
				CLANG_WARN_UNREACHABLE_CODE = YES;
				CLANG_WARN__DUPLICATE_METHOD_MATCH = YES;
				COPY_PHASE_STRIP = NO;
				DEBUG_INFORMATION_FORMAT = "dwarf-with-dsym";
				ENABLE_NS_ASSERTIONS = NO;
				ENABLE_STRICT_OBJC_MSGSEND = YES;
				GCC_C_LANGUAGE_STANDARD = gnu11;
				GCC_NO_COMMON_BLOCKS = YES;
				GCC_WARN_64_TO_32_BIT_CONVERSION = YES;
				GCC_WARN_ABOUT_RETURN_TYPE = YES_ERROR;
				GCC_WARN_UNDECLARED_SELECTOR = YES;
				GCC_WARN_UNINITIALIZED_AUTOS = YES_AGGRESSIVE;
				GCC_WARN_UNUSED_FUNCTION = YES;
				GCC_WARN_UNUSED_VARIABLE = YES;
				IPHONEOS_DEPLOYMENT_TARGET = 13.5;
				MTL_ENABLE_DEBUG_INFO = NO;
				MTL_FAST_MATH = YES;
				SDKROOT = iphoneos;
				SWIFT_COMPILATION_MODE = wholemodule;
				SWIFT_OPTIMIZATION_LEVEL = "-O";
				VALIDATE_PRODUCT = YES;
			};
			name = Release;
		};
		10C7513024A6060900848094 /* Debug */ = {
			isa = XCBuildConfiguration;
			buildSettings = {
				ASSETCATALOG_COMPILER_APPICON_NAME = AppIcon;
				CODE_SIGN_STYLE = Automatic;
				DEVELOPMENT_TEAM = S587T76P6H;
				INFOPLIST_FILE = "DataPassing Using Protocol/Info.plist";
				LD_RUNPATH_SEARCH_PATHS = (
					"$(inherited)",
					"@executable_path/Frameworks",
				);
				PRODUCT_BUNDLE_IDENTIFIER = com.abdullah.protocal;
				PRODUCT_NAME = "$(TARGET_NAME)";
				SWIFT_VERSION = 5.0;
				TARGETED_DEVICE_FAMILY = "1,2";
			};
			name = Debug;
		};
		10C7513124A6060900848094 /* Release */ = {
			isa = XCBuildConfiguration;
			buildSettings = {
				ASSETCATALOG_COMPILER_APPICON_NAME = AppIcon;
				CODE_SIGN_STYLE = Automatic;
				DEVELOPMENT_TEAM = S587T76P6H;
				INFOPLIST_FILE = "DataPassing Using Protocol/Info.plist";
				LD_RUNPATH_SEARCH_PATHS = (
					"$(inherited)",
					"@executable_path/Frameworks",
				);
				PRODUCT_BUNDLE_IDENTIFIER = com.abdullah.protocal;
				PRODUCT_NAME = "$(TARGET_NAME)";
				SWIFT_VERSION = 5.0;
				TARGETED_DEVICE_FAMILY = "1,2";
			};
			name = Release;
		};
/* End XCBuildConfiguration section */

/* Begin XCConfigurationList section */
		10C7511624A6060400848094 /* Build configuration list for PBXProject "DataPassing Using Protocol" */ = {
			isa = XCConfigurationList;
			buildConfigurations = (
				10C7512D24A6060900848094 /* Debug */,
				10C7512E24A6060900848094 /* Release */,
			);
			defaultConfigurationIsVisible = 0;
			defaultConfigurationName = Release;
		};
		10C7512F24A6060900848094 /* Build configuration list for PBXNativeTarget "DataPassing Using Protocol" */ = {
			isa = XCConfigurationList;
			buildConfigurations = (
				10C7513024A6060900848094 /* Debug */,
				10C7513124A6060900848094 /* Release */,
			);
			defaultConfigurationIsVisible = 0;
			defaultConfigurationName = Release;
		};
/* End XCConfigurationList section */
	};
	rootObject = 10C7511324A6060400848094 /* Project object */;
}
