// !$*UTF8*$!
{
	archiveVersion = 1;
	classes = {
	};
	objectVersion = 50;
	objects = {

/* Begin PBXBuildFile section */
		7167D55A21D2860F00034A07 /* Task.swift in Sources */ = {isa = PBXBuildFile; fileRef = 7167D55921D2860F00034A07 /* Task.swift */; };
		71921AA421CBA92200EFDBF7 /* AppDelegate.swift in Sources */ = {isa = PBXBuildFile; fileRef = 71921AA321CBA92200EFDBF7 /* AppDelegate.swift */; };
		71921AA621CBA92200EFDBF7 /* ViewController.swift in Sources */ = {isa = PBXBuildFile; fileRef = 71921AA521CBA92200EFDBF7 /* ViewController.swift */; };
		71921AA921CBA92200EFDBF7 /* Main.storyboard in Resources */ = {isa = PBXBuildFile; fileRef = 71921AA721CBA92200EFDBF7 /* Main.storyboard */; };
		71921AAB21CBA92300EFDBF7 /* Assets.xcassets in Resources */ = {isa = PBXBuildFile; fileRef = 71921AAA21CBA92300EFDBF7 /* Assets.xcassets */; };
		71921AAE21CBA92300EFDBF7 /* LaunchScreen.storyboard in Resources */ = {isa = PBXBuildFile; fileRef = 71921AAC21CBA92300EFDBF7 /* LaunchScreen.storyboard */; };
		71921AB721CBA94D00EFDBF7 /* TodoTableViewCell.swift in Sources */ = {isa = PBXBuildFile; fileRef = 71921AB521CBA94D00EFDBF7 /* TodoTableViewCell.swift */; };
		71921AB821CBA94D00EFDBF7 /* TodoTableViewCell.xib in Resources */ = {isa = PBXBuildFile; fileRef = 71921AB621CBA94D00EFDBF7 /* TodoTableViewCell.xib */; };
/* End PBXBuildFile section */

/* Begin PBXFileReference section */
		7167D55921D2860F00034A07 /* Task.swift */ = {isa = PBXFileReference; lastKnownFileType = sourcecode.swift; path = Task.swift; sourceTree = "<group>"; };
		71921AA021CBA92200EFDBF7 /* reusableCell.app */ = {isa = PBXFileReference; explicitFileType = wrapper.application; includeInIndex = 0; path = reusableCell.app; sourceTree = BUILT_PRODUCTS_DIR; };
		71921AA321CBA92200EFDBF7 /* AppDelegate.swift */ = {isa = PBXFileReference; lastKnownFileType = sourcecode.swift; path = AppDelegate.swift; sourceTree = "<group>"; };
		71921AA521CBA92200EFDBF7 /* ViewController.swift */ = {isa = PBXFileReference; lastKnownFileType = sourcecode.swift; path = ViewController.swift; sourceTree = "<group>"; };
		71921AA821CBA92200EFDBF7 /* Base */ = {isa = PBXFileReference; lastKnownFileType = file.storyboard; name = Base; path = Base.lproj/Main.storyboard; sourceTree = "<group>"; };
		71921AAA21CBA92300EFDBF7 /* Assets.xcassets */ = {isa = PBXFileReference; lastKnownFileType = folder.assetcatalog; path = Assets.xcassets; sourceTree = "<group>"; };
		71921AAD21CBA92300EFDBF7 /* Base */ = {isa = PBXFileReference; lastKnownFileType = file.storyboard; name = Base; path = Base.lproj/LaunchScreen.storyboard; sourceTree = "<group>"; };
		71921AAF21CBA92300EFDBF7 /* Info.plist */ = {isa = PBXFileReference; lastKnownFileType = text.plist.xml; path = Info.plist; sourceTree = "<group>"; };
		71921AB521CBA94D00EFDBF7 /* TodoTableViewCell.swift */ = {isa = PBXFileReference; lastKnownFileType = sourcecode.swift; path = TodoTableViewCell.swift; sourceTree = "<group>"; };
		71921AB621CBA94D00EFDBF7 /* TodoTableViewCell.xib */ = {isa = PBXFileReference; lastKnownFileType = file.xib; path = TodoTableViewCell.xib; sourceTree = "<group>"; };
/* End PBXFileReference section */

/* Begin PBXFrameworksBuildPhase section */
		71921A9D21CBA92200EFDBF7 /* Frameworks */ = {
			isa = PBXFrameworksBuildPhase;
			buildActionMask = 2147483647;
			files = (
			);
			runOnlyForDeploymentPostprocessing = 0;
		};
/* End PBXFrameworksBuildPhase section */

/* Begin PBXGroup section */
		71921A9721CBA92200EFDBF7 = {
			isa = PBXGroup;
			children = (
				71921AA221CBA92200EFDBF7 /* reusableCell */,
				71921AA121CBA92200EFDBF7 /* Products */,
			);
			sourceTree = "<group>";
		};
		71921AA121CBA92200EFDBF7 /* Products */ = {
			isa = PBXGroup;
			children = (
				71921AA021CBA92200EFDBF7 /* reusableCell.app */,
			);
			name = Products;
			sourceTree = "<group>";
		};
		71921AA221CBA92200EFDBF7 /* reusableCell */ = {
			isa = PBXGroup;
			children = (
				71921AA321CBA92200EFDBF7 /* AppDelegate.swift */,
				71921AA521CBA92200EFDBF7 /* ViewController.swift */,
				71921AA721CBA92200EFDBF7 /* Main.storyboard */,
				71921AAA21CBA92300EFDBF7 /* Assets.xcassets */,
				71921AAC21CBA92300EFDBF7 /* LaunchScreen.storyboard */,
				71921AAF21CBA92300EFDBF7 /* Info.plist */,
				71921AB521CBA94D00EFDBF7 /* TodoTableViewCell.swift */,
				71921AB621CBA94D00EFDBF7 /* TodoTableViewCell.xib */,
				7167D55921D2860F00034A07 /* Task.swift */,
			);
			path = reusableCell;
			sourceTree = "<group>";
		};
/* End PBXGroup section */

/* Begin PBXNativeTarget section */
		71921A9F21CBA92200EFDBF7 /* reusableCell */ = {
			isa = PBXNativeTarget;
			buildConfigurationList = 71921AB221CBA92300EFDBF7 /* Build configuration list for PBXNativeTarget "reusableCell" */;
			buildPhases = (
				71921A9C21CBA92200EFDBF7 /* Sources */,
				71921A9D21CBA92200EFDBF7 /* Frameworks */,
				71921A9E21CBA92200EFDBF7 /* Resources */,
			);
			buildRules = (
			);
			dependencies = (
			);
			name = reusableCell;
			productName = reusableCell;
			productReference = 71921AA021CBA92200EFDBF7 /* reusableCell.app */;
			productType = "com.apple.product-type.application";
		};
/* End PBXNativeTarget section */

/* Begin PBXProject section */
		71921A9821CBA92200EFDBF7 /* Project object */ = {
			isa = PBXProject;
			attributes = {
				LastSwiftUpdateCheck = 1010;
				LastUpgradeCheck = 1010;
				ORGANIZATIONNAME = fluffy;
				TargetAttributes = {
					71921A9F21CBA92200EFDBF7 = {
						CreatedOnToolsVersion = 10.1;
					};
				};
			};
			buildConfigurationList = 71921A9B21CBA92200EFDBF7 /* Build configuration list for PBXProject "reusableCell" */;
			compatibilityVersion = "Xcode 9.3";
			developmentRegion = en;
			hasScannedForEncodings = 0;
			knownRegions = (
				en,
				Base,
			);
			mainGroup = 71921A9721CBA92200EFDBF7;
			productRefGroup = 71921AA121CBA92200EFDBF7 /* Products */;
			projectDirPath = "";
			projectRoot = "";
			targets = (
				71921A9F21CBA92200EFDBF7 /* reusableCell */,
			);
		};
/* End PBXProject section */

/* Begin PBXResourcesBuildPhase section */
		71921A9E21CBA92200EFDBF7 /* Resources */ = {
			isa = PBXResourcesBuildPhase;
			buildActionMask = 2147483647;
			files = (
				71921AAE21CBA92300EFDBF7 /* LaunchScreen.storyboard in Resources */,
				71921AAB21CBA92300EFDBF7 /* Assets.xcassets in Resources */,
				71921AA921CBA92200EFDBF7 /* Main.storyboard in Resources */,
				71921AB821CBA94D00EFDBF7 /* TodoTableViewCell.xib in Resources */,
			);
			runOnlyForDeploymentPostprocessing = 0;
		};
/* End PBXResourcesBuildPhase section */

/* Begin PBXSourcesBuildPhase section */
		71921A9C21CBA92200EFDBF7 /* Sources */ = {
			isa = PBXSourcesBuildPhase;
			buildActionMask = 2147483647;
			files = (
				7167D55A21D2860F00034A07 /* Task.swift in Sources */,
				71921AB721CBA94D00EFDBF7 /* TodoTableViewCell.swift in Sources */,
				71921AA621CBA92200EFDBF7 /* ViewController.swift in Sources */,
				71921AA421CBA92200EFDBF7 /* AppDelegate.swift in Sources */,
			);
			runOnlyForDeploymentPostprocessing = 0;
		};
/* End PBXSourcesBuildPhase section */

/* Begin PBXVariantGroup section */
		71921AA721CBA92200EFDBF7 /* Main.storyboard */ = {
			isa = PBXVariantGroup;
			children = (
				71921AA821CBA92200EFDBF7 /* Base */,
			);
			name = Main.storyboard;
			sourceTree = "<group>";
		};
		71921AAC21CBA92300EFDBF7 /* LaunchScreen.storyboard */ = {
			isa = PBXVariantGroup;
			children = (
				71921AAD21CBA92300EFDBF7 /* Base */,
			);
			name = LaunchScreen.storyboard;
			sourceTree = "<group>";
		};
/* End PBXVariantGroup section */

/* Begin XCBuildConfiguration section */
		71921AB021CBA92300EFDBF7 /* Debug */ = {
			isa = XCBuildConfiguration;
			buildSettings = {
				ALWAYS_SEARCH_USER_PATHS = NO;
				CLANG_ANALYZER_NONNULL = YES;
				CLANG_ANALYZER_NUMBER_OBJECT_CONVERSION = YES_AGGRESSIVE;
				CLANG_CXX_LANGUAGE_STANDARD = "gnu++14";
				CLANG_CXX_LIBRARY = "libc++";
				CLANG_ENABLE_MODULES = YES;
				CLANG_ENABLE_OBJC_ARC = YES;
				CLANG_ENABLE_OBJC_WEAK = YES;
				CLANG_WARN_BLOCK_CAPTURE_AUTORELEASING = YES;
				CLANG_WARN_BOOL_CONVERSION = YES;
				CLANG_WARN_COMMA = YES;
				CLANG_WARN_CONSTANT_CONVERSION = YES;
				CLANG_WARN_DEPRECATED_OBJC_IMPLEMENTATIONS = YES;
				CLANG_WARN_DIRECT_OBJC_ISA_USAGE = YES_ERROR;
				CLANG_WARN_DOCUMENTATION_COMMENTS = YES;
				CLANG_WARN_EMPTY_BODY = YES;
				CLANG_WARN_ENUM_CONVERSION = YES;
				CLANG_WARN_INFINITE_RECURSION = YES;
				CLANG_WARN_INT_CONVERSION = YES;
				CLANG_WARN_NON_LITERAL_NULL_CONVERSION = YES;
				CLANG_WARN_OBJC_IMPLICIT_RETAIN_SELF = YES;
				CLANG_WARN_OBJC_LITERAL_CONVERSION = YES;
				CLANG_WARN_OBJC_ROOT_CLASS = YES_ERROR;
				CLANG_WARN_RANGE_LOOP_ANALYSIS = YES;
				CLANG_WARN_STRICT_PROTOTYPES = YES;
				CLANG_WARN_SUSPICIOUS_MOVE = YES;
				CLANG_WARN_UNGUARDED_AVAILABILITY = YES_AGGRESSIVE;
				CLANG_WARN_UNREACHABLE_CODE = YES;
				CLANG_WARN__DUPLICATE_METHOD_MATCH = YES;
				CODE_SIGN_IDENTITY = "iPhone Developer";
				COPY_PHASE_STRIP = NO;
				DEBUG_INFORMATION_FORMAT = dwarf;
				ENABLE_STRICT_OBJC_MSGSEND = YES;
				ENABLE_TESTABILITY = YES;
				GCC_C_LANGUAGE_STANDARD = gnu11;
				GCC_DYNAMIC_NO_PIC = NO;
				GCC_NO_COMMON_BLOCKS = YES;
				GCC_OPTIMIZATION_LEVEL = 0;
				GCC_PREPROCESSOR_DEFINITIONS = (
					"DEBUG=1",
					"$(inherited)",
				);
				GCC_WARN_64_TO_32_BIT_CONVERSION = YES;
				GCC_WARN_ABOUT_RETURN_TYPE = YES_ERROR;
				GCC_WARN_UNDECLARED_SELECTOR = YES;
				GCC_WARN_UNINITIALIZED_AUTOS = YES_AGGRESSIVE;
				GCC_WARN_UNUSED_FUNCTION = YES;
				GCC_WARN_UNUSED_VARIABLE = YES;
				IPHONEOS_DEPLOYMENT_TARGET = 12.1;
				MTL_ENABLE_DEBUG_INFO = INCLUDE_SOURCE;
				MTL_FAST_MATH = YES;
				ONLY_ACTIVE_ARCH = YES;
				SDKROOT = iphoneos;
				SWIFT_ACTIVE_COMPILATION_CONDITIONS = DEBUG;
				SWIFT_OPTIMIZATION_LEVEL = "-Onone";
			};
			name = Debug;
		};
		71921AB121CBA92300EFDBF7 /* Release */ = {
			isa = XCBuildConfiguration;
			buildSettings = {
				ALWAYS_SEARCH_USER_PATHS = NO;
				CLANG_ANALYZER_NONNULL = YES;
				CLANG_ANALYZER_NUMBER_OBJECT_CONVERSION = YES_AGGRESSIVE;
				CLANG_CXX_LANGUAGE_STANDARD = "gnu++14";
				CLANG_CXX_LIBRARY = "libc++";
				CLANG_ENABLE_MODULES = YES;
				CLANG_ENABLE_OBJC_ARC = YES;
				CLANG_ENABLE_OBJC_WEAK = YES;
				CLANG_WARN_BLOCK_CAPTURE_AUTORELEASING = YES;
				CLANG_WARN_BOOL_CONVERSION = YES;
				CLANG_WARN_COMMA = YES;
				CLANG_WARN_CONSTANT_CONVERSION = YES;
				CLANG_WARN_DEPRECATED_OBJC_IMPLEMENTATIONS = YES;
				CLANG_WARN_DIRECT_OBJC_ISA_USAGE = YES_ERROR;
				CLANG_WARN_DOCUMENTATION_COMMENTS = YES;
				CLANG_WARN_EMPTY_BODY = YES;
				CLANG_WARN_ENUM_CONVERSION = YES;
				CLANG_WARN_INFINITE_RECURSION = YES;
				CLANG_WARN_INT_CONVERSION = YES;
				CLANG_WARN_NON_LITERAL_NULL_CONVERSION = YES;
				CLANG_WARN_OBJC_IMPLICIT_RETAIN_SELF = YES;
				CLANG_WARN_OBJC_LITERAL_CONVERSION = YES;
				CLANG_WARN_OBJC_ROOT_CLASS = YES_ERROR;
				CLANG_WARN_RANGE_LOOP_ANALYSIS = YES;
				CLANG_WARN_STRICT_PROTOTYPES = YES;
				CLANG_WARN_SUSPICIOUS_MOVE = YES;
				CLANG_WARN_UNGUARDED_AVAILABILITY = YES_AGGRESSIVE;
				CLANG_WARN_UNREACHABLE_CODE = YES;
				CLANG_WARN__DUPLICATE_METHOD_MATCH = YES;
				CODE_SIGN_IDENTITY = "iPhone Developer";
				COPY_PHASE_STRIP = NO;
				DEBUG_INFORMATION_FORMAT = "dwarf-with-dsym";
				ENABLE_NS_ASSERTIONS = NO;
				ENABLE_STRICT_OBJC_MSGSEND = YES;
				GCC_C_LANGUAGE_STANDARD = gnu11;
				GCC_NO_COMMON_BLOCKS = YES;
				GCC_WARN_64_TO_32_BIT_CONVERSION = YES;
				GCC_WARN_ABOUT_RETURN_TYPE = YES_ERROR;
				GCC_WARN_UNDECLARED_SELECTOR = YES;
				GCC_WARN_UNINITIALIZED_AUTOS = YES_AGGRESSIVE;
				GCC_WARN_UNUSED_FUNCTION = YES;
				GCC_WARN_UNUSED_VARIABLE = YES;
				IPHONEOS_DEPLOYMENT_TARGET = 12.1;
				MTL_ENABLE_DEBUG_INFO = NO;
				MTL_FAST_MATH = YES;
				SDKROOT = iphoneos;
				SWIFT_COMPILATION_MODE = wholemodule;
				SWIFT_OPTIMIZATION_LEVEL = "-O";
				VALIDATE_PRODUCT = YES;
			};
			name = Release;
		};
		71921AB321CBA92300EFDBF7 /* Debug */ = {
			isa = XCBuildConfiguration;
			buildSettings = {
				ASSETCATALOG_COMPILER_APPICON_NAME = AppIcon;
				CODE_SIGN_STYLE = Automatic;
				DEVELOPMENT_TEAM = "";
				INFOPLIST_FILE = reusableCell/Info.plist;
				LD_RUNPATH_SEARCH_PATHS = (
					"$(inherited)",
					"@executable_path/Frameworks",
				);
				PRODUCT_BUNDLE_IDENTIFIER = es.fluffy.reusableCell;
				PRODUCT_NAME = "$(TARGET_NAME)";
				SWIFT_VERSION = 4.2;
				TARGETED_DEVICE_FAMILY = "1,2";
			};
			name = Debug;
		};
		71921AB421CBA92300EFDBF7 /* Release */ = {
			isa = XCBuildConfiguration;
			buildSettings = {
				ASSETCATALOG_COMPILER_APPICON_NAME = AppIcon;
				CODE_SIGN_STYLE = Automatic;
				DEVELOPMENT_TEAM = "";
				INFOPLIST_FILE = reusableCell/Info.plist;
				LD_RUNPATH_SEARCH_PATHS = (
					"$(inherited)",
					"@executable_path/Frameworks",
				);
				PRODUCT_BUNDLE_IDENTIFIER = es.fluffy.reusableCell;
				PRODUCT_NAME = "$(TARGET_NAME)";
				SWIFT_VERSION = 4.2;
				TARGETED_DEVICE_FAMILY = "1,2";
			};
			name = Release;
		};
/* End XCBuildConfiguration section */

/* Begin XCConfigurationList section */
		71921A9B21CBA92200EFDBF7 /* Build configuration list for PBXProject "reusableCell" */ = {
			isa = XCConfigurationList;
			buildConfigurations = (
				71921AB021CBA92300EFDBF7 /* Debug */,
				71921AB121CBA92300EFDBF7 /* Release */,
			);
			defaultConfigurationIsVisible = 0;
			defaultConfigurationName = Release;
		};
		71921AB221CBA92300EFDBF7 /* Build configuration list for PBXNativeTarget "reusableCell" */ = {
			isa = XCConfigurationList;
			buildConfigurations = (
				71921AB321CBA92300EFDBF7 /* Debug */,
				71921AB421CBA92300EFDBF7 /* Release */,
			);
			defaultConfigurationIsVisible = 0;
			defaultConfigurationName = Release;
		};
/* End XCConfigurationList section */
	};
	rootObject = 71921A9821CBA92200EFDBF7 /* Project object */;
}
