// !$*UTF8*$!
{
	archiveVersion = 1;
	classes = {
	};
	objectVersion = 50;
	objects = {

/* Begin PBXBuildFile section */
		10387E90256F78C200F0E464 /* AppDelegate.swift in Sources */ = {isa = PBXBuildFile; fileRef = 10387E8F256F78C200F0E464 /* AppDelegate.swift */; };
		10387E92256F78C200F0E464 /* SceneDelegate.swift in Sources */ = {isa = PBXBuildFile; fileRef = 10387E91256F78C200F0E464 /* SceneDelegate.swift */; };
		10387E94256F78C200F0E464 /* ViewController.swift in Sources */ = {isa = PBXBuildFile; fileRef = 10387E93256F78C200F0E464 /* ViewController.swift */; };
		10387E97256F78C200F0E464 /* Main.storyboard in Resources */ = {isa = PBXBuildFile; fileRef = 10387E95256F78C200F0E464 /* Main.storyboard */; };
		10387E99256F78C500F0E464 /* Assets.xcassets in Resources */ = {isa = PBXBuildFile; fileRef = 10387E98256F78C500F0E464 /* Assets.xcassets */; };
		10387E9C256F78C500F0E464 /* LaunchScreen.storyboard in Resources */ = {isa = PBXBuildFile; fileRef = 10387E9A256F78C500F0E464 /* LaunchScreen.storyboard */; };
		12223EC3FF60815196CDA2B8 /* Pods_MultiplefileUpload.framework in Frameworks */ = {isa = PBXBuildFile; fileRef = 9D934014590F6FAEC9CF7E9D /* Pods_MultiplefileUpload.framework */; };
/* End PBXBuildFile section */

/* Begin PBXFileReference section */
		10387E8C256F78C200F0E464 /* MultiplefileUpload.app */ = {isa = PBXFileReference; explicitFileType = wrapper.application; includeInIndex = 0; path = MultiplefileUpload.app; sourceTree = BUILT_PRODUCTS_DIR; };
		10387E8F256F78C200F0E464 /* AppDelegate.swift */ = {isa = PBXFileReference; lastKnownFileType = sourcecode.swift; path = AppDelegate.swift; sourceTree = "<group>"; };
		10387E91256F78C200F0E464 /* SceneDelegate.swift */ = {isa = PBXFileReference; lastKnownFileType = sourcecode.swift; path = SceneDelegate.swift; sourceTree = "<group>"; };
		10387E93256F78C200F0E464 /* ViewController.swift */ = {isa = PBXFileReference; lastKnownFileType = sourcecode.swift; path = ViewController.swift; sourceTree = "<group>"; };
		10387E96256F78C200F0E464 /* Base */ = {isa = PBXFileReference; lastKnownFileType = file.storyboard; name = Base; path = Base.lproj/Main.storyboard; sourceTree = "<group>"; };
		10387E98256F78C500F0E464 /* Assets.xcassets */ = {isa = PBXFileReference; lastKnownFileType = folder.assetcatalog; path = Assets.xcassets; sourceTree = "<group>"; };
		10387E9B256F78C500F0E464 /* Base */ = {isa = PBXFileReference; lastKnownFileType = file.storyboard; name = Base; path = Base.lproj/LaunchScreen.storyboard; sourceTree = "<group>"; };
		10387E9D256F78C500F0E464 /* Info.plist */ = {isa = PBXFileReference; lastKnownFileType = text.plist.xml; path = Info.plist; sourceTree = "<group>"; };
		5F8F29EE05F1C7A5F4B15CA5 /* Pods-MultiplefileUpload.debug.xcconfig */ = {isa = PBXFileReference; includeInIndex = 1; lastKnownFileType = text.xcconfig; name = "Pods-MultiplefileUpload.debug.xcconfig"; path = "Target Support Files/Pods-MultiplefileUpload/Pods-MultiplefileUpload.debug.xcconfig"; sourceTree = "<group>"; };
		9D934014590F6FAEC9CF7E9D /* Pods_MultiplefileUpload.framework */ = {isa = PBXFileReference; explicitFileType = wrapper.framework; includeInIndex = 0; path = Pods_MultiplefileUpload.framework; sourceTree = BUILT_PRODUCTS_DIR; };
		E6E8C7E6F5F50127F9B01B09 /* Pods-MultiplefileUpload.release.xcconfig */ = {isa = PBXFileReference; includeInIndex = 1; lastKnownFileType = text.xcconfig; name = "Pods-MultiplefileUpload.release.xcconfig"; path = "Target Support Files/Pods-MultiplefileUpload/Pods-MultiplefileUpload.release.xcconfig"; sourceTree = "<group>"; };
/* End PBXFileReference section */

/* Begin PBXFrameworksBuildPhase section */
		10387E89256F78C200F0E464 /* Frameworks */ = {
			isa = PBXFrameworksBuildPhase;
			buildActionMask = 2147483647;
			files = (
				12223EC3FF60815196CDA2B8 /* Pods_MultiplefileUpload.framework in Frameworks */,
			);
			runOnlyForDeploymentPostprocessing = 0;
		};
/* End PBXFrameworksBuildPhase section */

/* Begin PBXGroup section */
		10387E83256F78C200F0E464 = {
			isa = PBXGroup;
			children = (
				10387E8E256F78C200F0E464 /* MultiplefileUpload */,
				10387E8D256F78C200F0E464 /* Products */,
				6DBD42A32F5D9786A0B817BB /* Pods */,
				7374C80980721FAD692959A6 /* Frameworks */,
			);
			sourceTree = "<group>";
		};
		10387E8D256F78C200F0E464 /* Products */ = {
			isa = PBXGroup;
			children = (
				10387E8C256F78C200F0E464 /* MultiplefileUpload.app */,
			);
			name = Products;
			sourceTree = "<group>";
		};
		10387E8E256F78C200F0E464 /* MultiplefileUpload */ = {
			isa = PBXGroup;
			children = (
				10387E8F256F78C200F0E464 /* AppDelegate.swift */,
				10387E91256F78C200F0E464 /* SceneDelegate.swift */,
				10387E93256F78C200F0E464 /* ViewController.swift */,
				10387E95256F78C200F0E464 /* Main.storyboard */,
				10387E98256F78C500F0E464 /* Assets.xcassets */,
				10387E9A256F78C500F0E464 /* LaunchScreen.storyboard */,
				10387E9D256F78C500F0E464 /* Info.plist */,
			);
			path = MultiplefileUpload;
			sourceTree = "<group>";
		};
		6DBD42A32F5D9786A0B817BB /* Pods */ = {
			isa = PBXGroup;
			children = (
				5F8F29EE05F1C7A5F4B15CA5 /* Pods-MultiplefileUpload.debug.xcconfig */,
				E6E8C7E6F5F50127F9B01B09 /* Pods-MultiplefileUpload.release.xcconfig */,
			);
			name = Pods;
			path = Pods;
			sourceTree = "<group>";
		};
		7374C80980721FAD692959A6 /* Frameworks */ = {
			isa = PBXGroup;
			children = (
				9D934014590F6FAEC9CF7E9D /* Pods_MultiplefileUpload.framework */,
			);
			name = Frameworks;
			sourceTree = "<group>";
		};
/* End PBXGroup section */

/* Begin PBXNativeTarget section */
		10387E8B256F78C200F0E464 /* MultiplefileUpload */ = {
			isa = PBXNativeTarget;
			buildConfigurationList = 10387EA0256F78C500F0E464 /* Build configuration list for PBXNativeTarget "MultiplefileUpload" */;
			buildPhases = (
				410E7E6540D64CD357E032F6 /* [CP] Check Pods Manifest.lock */,
				10387E88256F78C200F0E464 /* Sources */,
				10387E89256F78C200F0E464 /* Frameworks */,
				10387E8A256F78C200F0E464 /* Resources */,
				0F7D566D3D8A6740B5D400D9 /* [CP] Embed Pods Frameworks */,
			);
			buildRules = (
			);
			dependencies = (
			);
			name = MultiplefileUpload;
			productName = MultiplefileUpload;
			productReference = 10387E8C256F78C200F0E464 /* MultiplefileUpload.app */;
			productType = "com.apple.product-type.application";
		};
/* End PBXNativeTarget section */

/* Begin PBXProject section */
		10387E84256F78C200F0E464 /* Project object */ = {
			isa = PBXProject;
			attributes = {
				LastSwiftUpdateCheck = 1220;
				LastUpgradeCheck = 1220;
				TargetAttributes = {
					10387E8B256F78C200F0E464 = {
						CreatedOnToolsVersion = 12.2;
					};
				};
			};
			buildConfigurationList = 10387E87256F78C200F0E464 /* Build configuration list for PBXProject "MultiplefileUpload" */;
			compatibilityVersion = "Xcode 9.3";
			developmentRegion = en;
			hasScannedForEncodings = 0;
			knownRegions = (
				en,
				Base,
			);
			mainGroup = 10387E83256F78C200F0E464;
			productRefGroup = 10387E8D256F78C200F0E464 /* Products */;
			projectDirPath = "";
			projectRoot = "";
			targets = (
				10387E8B256F78C200F0E464 /* MultiplefileUpload */,
			);
		};
/* End PBXProject section */

/* Begin PBXResourcesBuildPhase section */
		10387E8A256F78C200F0E464 /* Resources */ = {
			isa = PBXResourcesBuildPhase;
			buildActionMask = 2147483647;
			files = (
				10387E9C256F78C500F0E464 /* LaunchScreen.storyboard in Resources */,
				10387E99256F78C500F0E464 /* Assets.xcassets in Resources */,
				10387E97256F78C200F0E464 /* Main.storyboard in Resources */,
			);
			runOnlyForDeploymentPostprocessing = 0;
		};
/* End PBXResourcesBuildPhase section */

/* Begin PBXShellScriptBuildPhase section */
		0F7D566D3D8A6740B5D400D9 /* [CP] Embed Pods Frameworks */ = {
			isa = PBXShellScriptBuildPhase;
			buildActionMask = 2147483647;
			files = (
			);
			inputFileListPaths = (
				"${PODS_ROOT}/Target Support Files/Pods-MultiplefileUpload/Pods-MultiplefileUpload-frameworks-${CONFIGURATION}-input-files.xcfilelist",
			);
			name = "[CP] Embed Pods Frameworks";
			outputFileListPaths = (
				"${PODS_ROOT}/Target Support Files/Pods-MultiplefileUpload/Pods-MultiplefileUpload-frameworks-${CONFIGURATION}-output-files.xcfilelist",
			);
			runOnlyForDeploymentPostprocessing = 0;
			shellPath = /bin/sh;
			shellScript = "\"${PODS_ROOT}/Target Support Files/Pods-MultiplefileUpload/Pods-MultiplefileUpload-frameworks.sh\"\n";
			showEnvVarsInLog = 0;
		};
		410E7E6540D64CD357E032F6 /* [CP] Check Pods Manifest.lock */ = {
			isa = PBXShellScriptBuildPhase;
			buildActionMask = 2147483647;
			files = (
			);
			inputFileListPaths = (
			);
			inputPaths = (
				"${PODS_PODFILE_DIR_PATH}/Podfile.lock",
				"${PODS_ROOT}/Manifest.lock",
			);
			name = "[CP] Check Pods Manifest.lock";
			outputFileListPaths = (
			);
			outputPaths = (
				"$(DERIVED_FILE_DIR)/Pods-MultiplefileUpload-checkManifestLockResult.txt",
			);
			runOnlyForDeploymentPostprocessing = 0;
			shellPath = /bin/sh;
			shellScript = "diff \"${PODS_PODFILE_DIR_PATH}/Podfile.lock\" \"${PODS_ROOT}/Manifest.lock\" > /dev/null\nif [ $? != 0 ] ; then\n    # print error to STDERR\n    echo \"error: The sandbox is not in sync with the Podfile.lock. Run 'pod install' or update your CocoaPods installation.\" >&2\n    exit 1\nfi\n# This output is used by Xcode 'outputs' to avoid re-running this script phase.\necho \"SUCCESS\" > \"${SCRIPT_OUTPUT_FILE_0}\"\n";
			showEnvVarsInLog = 0;
		};
/* End PBXShellScriptBuildPhase section */

/* Begin PBXSourcesBuildPhase section */
		10387E88256F78C200F0E464 /* Sources */ = {
			isa = PBXSourcesBuildPhase;
			buildActionMask = 2147483647;
			files = (
				10387E94256F78C200F0E464 /* ViewController.swift in Sources */,
				10387E90256F78C200F0E464 /* AppDelegate.swift in Sources */,
				10387E92256F78C200F0E464 /* SceneDelegate.swift in Sources */,
			);
			runOnlyForDeploymentPostprocessing = 0;
		};
/* End PBXSourcesBuildPhase section */

/* Begin PBXVariantGroup section */
		10387E95256F78C200F0E464 /* Main.storyboard */ = {
			isa = PBXVariantGroup;
			children = (
				10387E96256F78C200F0E464 /* Base */,
			);
			name = Main.storyboard;
			sourceTree = "<group>";
		};
		10387E9A256F78C500F0E464 /* LaunchScreen.storyboard */ = {
			isa = PBXVariantGroup;
			children = (
				10387E9B256F78C500F0E464 /* Base */,
			);
			name = LaunchScreen.storyboard;
			sourceTree = "<group>";
		};
/* End PBXVariantGroup section */

/* Begin XCBuildConfiguration section */
		10387E9E256F78C500F0E464 /* Debug */ = {
			isa = XCBuildConfiguration;
			buildSettings = {
				ALWAYS_SEARCH_USER_PATHS = NO;
				CLANG_ANALYZER_NONNULL = YES;
				CLANG_ANALYZER_NUMBER_OBJECT_CONVERSION = YES_AGGRESSIVE;
				CLANG_CXX_LANGUAGE_STANDARD = "gnu++14";
				CLANG_CXX_LIBRARY = "libc++";
				CLANG_ENABLE_MODULES = YES;
				CLANG_ENABLE_OBJC_ARC = YES;
				CLANG_ENABLE_OBJC_WEAK = YES;
				CLANG_WARN_BLOCK_CAPTURE_AUTORELEASING = YES;
				CLANG_WARN_BOOL_CONVERSION = YES;
				CLANG_WARN_COMMA = YES;
				CLANG_WARN_CONSTANT_CONVERSION = YES;
				CLANG_WARN_DEPRECATED_OBJC_IMPLEMENTATIONS = YES;
				CLANG_WARN_DIRECT_OBJC_ISA_USAGE = YES_ERROR;
				CLANG_WARN_DOCUMENTATION_COMMENTS = YES;
				CLANG_WARN_EMPTY_BODY = YES;
				CLANG_WARN_ENUM_CONVERSION = YES;
				CLANG_WARN_INFINITE_RECURSION = YES;
				CLANG_WARN_INT_CONVERSION = YES;
				CLANG_WARN_NON_LITERAL_NULL_CONVERSION = YES;
				CLANG_WARN_OBJC_IMPLICIT_RETAIN_SELF = YES;
				CLANG_WARN_OBJC_LITERAL_CONVERSION = YES;
				CLANG_WARN_OBJC_ROOT_CLASS = YES_ERROR;
				CLANG_WARN_QUOTED_INCLUDE_IN_FRAMEWORK_HEADER = YES;
				CLANG_WARN_RANGE_LOOP_ANALYSIS = YES;
				CLANG_WARN_STRICT_PROTOTYPES = YES;
				CLANG_WARN_SUSPICIOUS_MOVE = YES;
				CLANG_WARN_UNGUARDED_AVAILABILITY = YES_AGGRESSIVE;
				CLANG_WARN_UNREACHABLE_CODE = YES;
				CLANG_WARN__DUPLICATE_METHOD_MATCH = YES;
				COPY_PHASE_STRIP = NO;
				DEBUG_INFORMATION_FORMAT = dwarf;
				ENABLE_STRICT_OBJC_MSGSEND = YES;
				ENABLE_TESTABILITY = YES;
				GCC_C_LANGUAGE_STANDARD = gnu11;
				GCC_DYNAMIC_NO_PIC = NO;
				GCC_NO_COMMON_BLOCKS = YES;
				GCC_OPTIMIZATION_LEVEL = 0;
				GCC_PREPROCESSOR_DEFINITIONS = (
					"DEBUG=1",
					"$(inherited)",
				);
				GCC_WARN_64_TO_32_BIT_CONVERSION = YES;
				GCC_WARN_ABOUT_RETURN_TYPE = YES_ERROR;
				GCC_WARN_UNDECLARED_SELECTOR = YES;
				GCC_WARN_UNINITIALIZED_AUTOS = YES_AGGRESSIVE;
				GCC_WARN_UNUSED_FUNCTION = YES;
				GCC_WARN_UNUSED_VARIABLE = YES;
				IPHONEOS_DEPLOYMENT_TARGET = 14.2;
				MTL_ENABLE_DEBUG_INFO = INCLUDE_SOURCE;
				MTL_FAST_MATH = YES;
				ONLY_ACTIVE_ARCH = YES;
				SDKROOT = iphoneos;
				SWIFT_ACTIVE_COMPILATION_CONDITIONS = DEBUG;
				SWIFT_OPTIMIZATION_LEVEL = "-Onone";
			};
			name = Debug;
		};
		10387E9F256F78C500F0E464 /* Release */ = {
			isa = XCBuildConfiguration;
			buildSettings = {
				ALWAYS_SEARCH_USER_PATHS = NO;
				CLANG_ANALYZER_NONNULL = YES;
				CLANG_ANALYZER_NUMBER_OBJECT_CONVERSION = YES_AGGRESSIVE;
				CLANG_CXX_LANGUAGE_STANDARD = "gnu++14";
				CLANG_CXX_LIBRARY = "libc++";
				CLANG_ENABLE_MODULES = YES;
				CLANG_ENABLE_OBJC_ARC = YES;
				CLANG_ENABLE_OBJC_WEAK = YES;
				CLANG_WARN_BLOCK_CAPTURE_AUTORELEASING = YES;
				CLANG_WARN_BOOL_CONVERSION = YES;
				CLANG_WARN_COMMA = YES;
				CLANG_WARN_CONSTANT_CONVERSION = YES;
				CLANG_WARN_DEPRECATED_OBJC_IMPLEMENTATIONS = YES;
				CLANG_WARN_DIRECT_OBJC_ISA_USAGE = YES_ERROR;
				CLANG_WARN_DOCUMENTATION_COMMENTS = YES;
				CLANG_WARN_EMPTY_BODY = YES;
				CLANG_WARN_ENUM_CONVERSION = YES;
				CLANG_WARN_INFINITE_RECURSION = YES;
				CLANG_WARN_INT_CONVERSION = YES;
				CLANG_WARN_NON_LITERAL_NULL_CONVERSION = YES;
				CLANG_WARN_OBJC_IMPLICIT_RETAIN_SELF = YES;
				CLANG_WARN_OBJC_LITERAL_CONVERSION = YES;
				CLANG_WARN_OBJC_ROOT_CLASS = YES_ERROR;
				CLANG_WARN_QUOTED_INCLUDE_IN_FRAMEWORK_HEADER = YES;
				CLANG_WARN_RANGE_LOOP_ANALYSIS = YES;
				CLANG_WARN_STRICT_PROTOTYPES = YES;
				CLANG_WARN_SUSPICIOUS_MOVE = YES;
				CLANG_WARN_UNGUARDED_AVAILABILITY = YES_AGGRESSIVE;
				CLANG_WARN_UNREACHABLE_CODE = YES;
				CLANG_WARN__DUPLICATE_METHOD_MATCH = YES;
				COPY_PHASE_STRIP = NO;
				DEBUG_INFORMATION_FORMAT = "dwarf-with-dsym";
				ENABLE_NS_ASSERTIONS = NO;
				ENABLE_STRICT_OBJC_MSGSEND = YES;
				GCC_C_LANGUAGE_STANDARD = gnu11;
				GCC_NO_COMMON_BLOCKS = YES;
				GCC_WARN_64_TO_32_BIT_CONVERSION = YES;
				GCC_WARN_ABOUT_RETURN_TYPE = YES_ERROR;
				GCC_WARN_UNDECLARED_SELECTOR = YES;
				GCC_WARN_UNINITIALIZED_AUTOS = YES_AGGRESSIVE;
				GCC_WARN_UNUSED_FUNCTION = YES;
				GCC_WARN_UNUSED_VARIABLE = YES;
				IPHONEOS_DEPLOYMENT_TARGET = 14.2;
				MTL_ENABLE_DEBUG_INFO = NO;
				MTL_FAST_MATH = YES;
				SDKROOT = iphoneos;
				SWIFT_COMPILATION_MODE = wholemodule;
				SWIFT_OPTIMIZATION_LEVEL = "-O";
				VALIDATE_PRODUCT = YES;
			};
			name = Release;
		};
		10387EA1256F78C500F0E464 /* Debug */ = {
			isa = XCBuildConfiguration;
			baseConfigurationReference = 5F8F29EE05F1C7A5F4B15CA5 /* Pods-MultiplefileUpload.debug.xcconfig */;
			buildSettings = {
				ASSETCATALOG_COMPILER_APPICON_NAME = AppIcon;
				ASSETCATALOG_COMPILER_GLOBAL_ACCENT_COLOR_NAME = AccentColor;
				CODE_SIGN_STYLE = Automatic;
				DEVELOPMENT_TEAM = R975Y8X2C9;
				INFOPLIST_FILE = MultiplefileUpload/Info.plist;
				LD_RUNPATH_SEARCH_PATHS = (
					"$(inherited)",
					"@executable_path/Frameworks",
				);
				PRODUCT_BUNDLE_IDENTIFIER = com.MultiplefileUpload;
				PRODUCT_NAME = "$(TARGET_NAME)";
				SWIFT_VERSION = 5.0;
				TARGETED_DEVICE_FAMILY = "1,2";
			};
			name = Debug;
		};
		10387EA2256F78C500F0E464 /* Release */ = {
			isa = XCBuildConfiguration;
			baseConfigurationReference = E6E8C7E6F5F50127F9B01B09 /* Pods-MultiplefileUpload.release.xcconfig */;
			buildSettings = {
				ASSETCATALOG_COMPILER_APPICON_NAME = AppIcon;
				ASSETCATALOG_COMPILER_GLOBAL_ACCENT_COLOR_NAME = AccentColor;
				CODE_SIGN_STYLE = Automatic;
				DEVELOPMENT_TEAM = R975Y8X2C9;
				INFOPLIST_FILE = MultiplefileUpload/Info.plist;
				LD_RUNPATH_SEARCH_PATHS = (
					"$(inherited)",
					"@executable_path/Frameworks",
				);
				PRODUCT_BUNDLE_IDENTIFIER = com.MultiplefileUpload;
				PRODUCT_NAME = "$(TARGET_NAME)";
				SWIFT_VERSION = 5.0;
				TARGETED_DEVICE_FAMILY = "1,2";
			};
			name = Release;
		};
/* End XCBuildConfiguration section */

/* Begin XCConfigurationList section */
		10387E87256F78C200F0E464 /* Build configuration list for PBXProject "MultiplefileUpload" */ = {
			isa = XCConfigurationList;
			buildConfigurations = (
				10387E9E256F78C500F0E464 /* Debug */,
				10387E9F256F78C500F0E464 /* Release */,
			);
			defaultConfigurationIsVisible = 0;
			defaultConfigurationName = Release;
		};
		10387EA0256F78C500F0E464 /* Build configuration list for PBXNativeTarget "MultiplefileUpload" */ = {
			isa = XCConfigurationList;
			buildConfigurations = (
				10387EA1256F78C500F0E464 /* Debug */,
				10387EA2256F78C500F0E464 /* Release */,
			);
			defaultConfigurationIsVisible = 0;
			defaultConfigurationName = Release;
		};
/* End XCConfigurationList section */
	};
	rootObject = 10387E84256F78C200F0E464 /* Project object */;
}
