// !$*UTF8*$!
{
	archiveVersion = 1;
	classes = {
	};
	objectVersion = 50;
	objects = {

/* Begin PBXBuildFile section */
		10E25C0B24B726680062DAE4 /* AppDelegate.swift in Sources */ = {isa = PBXBuildFile; fileRef = 10E25C0A24B726680062DAE4 /* AppDelegate.swift */; };
		10E25C0D24B726680062DAE4 /* SceneDelegate.swift in Sources */ = {isa = PBXBuildFile; fileRef = 10E25C0C24B726680062DAE4 /* SceneDelegate.swift */; };
		10E25C0F24B726680062DAE4 /* ViewController.swift in Sources */ = {isa = PBXBuildFile; fileRef = 10E25C0E24B726680062DAE4 /* ViewController.swift */; };
		10E25C1224B726680062DAE4 /* Main.storyboard in Resources */ = {isa = PBXBuildFile; fileRef = 10E25C1024B726680062DAE4 /* Main.storyboard */; };
		10E25C1424B7266E0062DAE4 /* Assets.xcassets in Resources */ = {isa = PBXBuildFile; fileRef = 10E25C1324B7266E0062DAE4 /* Assets.xcassets */; };
		10E25C1724B7266E0062DAE4 /* LaunchScreen.storyboard in Resources */ = {isa = PBXBuildFile; fileRef = 10E25C1524B7266E0062DAE4 /* LaunchScreen.storyboard */; };
		10E25C2024B726BF0062DAE4 /* Utilits.swift in Sources */ = {isa = PBXBuildFile; fileRef = 10E25C1F24B726BF0062DAE4 /* Utilits.swift */; };
/* End PBXBuildFile section */

/* Begin PBXFileReference section */
		10E25C0724B726680062DAE4 /* ScrollView+Programmitically.app */ = {isa = PBXFileReference; explicitFileType = wrapper.application; includeInIndex = 0; path = "ScrollView+Programmitically.app"; sourceTree = BUILT_PRODUCTS_DIR; };
		10E25C0A24B726680062DAE4 /* AppDelegate.swift */ = {isa = PBXFileReference; lastKnownFileType = sourcecode.swift; path = AppDelegate.swift; sourceTree = "<group>"; };
		10E25C0C24B726680062DAE4 /* SceneDelegate.swift */ = {isa = PBXFileReference; lastKnownFileType = sourcecode.swift; path = SceneDelegate.swift; sourceTree = "<group>"; };
		10E25C0E24B726680062DAE4 /* ViewController.swift */ = {isa = PBXFileReference; lastKnownFileType = sourcecode.swift; path = ViewController.swift; sourceTree = "<group>"; };
		10E25C1124B726680062DAE4 /* Base */ = {isa = PBXFileReference; lastKnownFileType = file.storyboard; name = Base; path = Base.lproj/Main.storyboard; sourceTree = "<group>"; };
		10E25C1324B7266E0062DAE4 /* Assets.xcassets */ = {isa = PBXFileReference; lastKnownFileType = folder.assetcatalog; path = Assets.xcassets; sourceTree = "<group>"; };
		10E25C1624B7266E0062DAE4 /* Base */ = {isa = PBXFileReference; lastKnownFileType = file.storyboard; name = Base; path = Base.lproj/LaunchScreen.storyboard; sourceTree = "<group>"; };
		10E25C1824B7266E0062DAE4 /* Info.plist */ = {isa = PBXFileReference; lastKnownFileType = text.plist.xml; path = Info.plist; sourceTree = "<group>"; };
		10E25C1F24B726BF0062DAE4 /* Utilits.swift */ = {isa = PBXFileReference; lastKnownFileType = sourcecode.swift; path = Utilits.swift; sourceTree = "<group>"; };
/* End PBXFileReference section */

/* Begin PBXFrameworksBuildPhase section */
		10E25C0424B726680062DAE4 /* Frameworks */ = {
			isa = PBXFrameworksBuildPhase;
			buildActionMask = 2147483647;
			files = (
			);
			runOnlyForDeploymentPostprocessing = 0;
		};
/* End PBXFrameworksBuildPhase section */

/* Begin PBXGroup section */
		10E25BFE24B726680062DAE4 = {
			isa = PBXGroup;
			children = (
				10E25C0924B726680062DAE4 /* ScrollView+Programmitically */,
				10E25C0824B726680062DAE4 /* Products */,
			);
			sourceTree = "<group>";
		};
		10E25C0824B726680062DAE4 /* Products */ = {
			isa = PBXGroup;
			children = (
				10E25C0724B726680062DAE4 /* ScrollView+Programmitically.app */,
			);
			name = Products;
			sourceTree = "<group>";
		};
		10E25C0924B726680062DAE4 /* ScrollView+Programmitically */ = {
			isa = PBXGroup;
			children = (
				10E25C1E24B726750062DAE4 /* SupportFiles */,
				10E25C1F24B726BF0062DAE4 /* Utilits.swift */,
				10E25C0E24B726680062DAE4 /* ViewController.swift */,
				10E25C1824B7266E0062DAE4 /* Info.plist */,
			);
			path = "ScrollView+Programmitically";
			sourceTree = "<group>";
		};
		10E25C1E24B726750062DAE4 /* SupportFiles */ = {
			isa = PBXGroup;
			children = (
				10E25C1524B7266E0062DAE4 /* LaunchScreen.storyboard */,
				10E25C1024B726680062DAE4 /* Main.storyboard */,
				10E25C0C24B726680062DAE4 /* SceneDelegate.swift */,
				10E25C0A24B726680062DAE4 /* AppDelegate.swift */,
				10E25C1324B7266E0062DAE4 /* Assets.xcassets */,
			);
			path = SupportFiles;
			sourceTree = "<group>";
		};
/* End PBXGroup section */

/* Begin PBXNativeTarget section */
		10E25C0624B726680062DAE4 /* ScrollView+Programmitically */ = {
			isa = PBXNativeTarget;
			buildConfigurationList = 10E25C1B24B7266E0062DAE4 /* Build configuration list for PBXNativeTarget "ScrollView+Programmitically" */;
			buildPhases = (
				10E25C0324B726680062DAE4 /* Sources */,
				10E25C0424B726680062DAE4 /* Frameworks */,
				10E25C0524B726680062DAE4 /* Resources */,
			);
			buildRules = (
			);
			dependencies = (
			);
			name = "ScrollView+Programmitically";
			productName = "ScrollView+Programmitically";
			productReference = 10E25C0724B726680062DAE4 /* ScrollView+Programmitically.app */;
			productType = "com.apple.product-type.application";
		};
/* End PBXNativeTarget section */

/* Begin PBXProject section */
		10E25BFF24B726680062DAE4 /* Project object */ = {
			isa = PBXProject;
			attributes = {
				LastSwiftUpdateCheck = 1150;
				LastUpgradeCheck = 1150;
				ORGANIZATIONNAME = "Muhammad Abdullah Al Mamun";
				TargetAttributes = {
					10E25C0624B726680062DAE4 = {
						CreatedOnToolsVersion = 11.5;
					};
				};
			};
			buildConfigurationList = 10E25C0224B726680062DAE4 /* Build configuration list for PBXProject "ScrollView+Programmitically" */;
			compatibilityVersion = "Xcode 9.3";
			developmentRegion = en;
			hasScannedForEncodings = 0;
			knownRegions = (
				en,
				Base,
			);
			mainGroup = 10E25BFE24B726680062DAE4;
			productRefGroup = 10E25C0824B726680062DAE4 /* Products */;
			projectDirPath = "";
			projectRoot = "";
			targets = (
				10E25C0624B726680062DAE4 /* ScrollView+Programmitically */,
			);
		};
/* End PBXProject section */

/* Begin PBXResourcesBuildPhase section */
		10E25C0524B726680062DAE4 /* Resources */ = {
			isa = PBXResourcesBuildPhase;
			buildActionMask = 2147483647;
			files = (
				10E25C1724B7266E0062DAE4 /* LaunchScreen.storyboard in Resources */,
				10E25C1424B7266E0062DAE4 /* Assets.xcassets in Resources */,
				10E25C1224B726680062DAE4 /* Main.storyboard in Resources */,
			);
			runOnlyForDeploymentPostprocessing = 0;
		};
/* End PBXResourcesBuildPhase section */

/* Begin PBXSourcesBuildPhase section */
		10E25C0324B726680062DAE4 /* Sources */ = {
			isa = PBXSourcesBuildPhase;
			buildActionMask = 2147483647;
			files = (
				10E25C0F24B726680062DAE4 /* ViewController.swift in Sources */,
				10E25C0B24B726680062DAE4 /* AppDelegate.swift in Sources */,
				10E25C2024B726BF0062DAE4 /* Utilits.swift in Sources */,
				10E25C0D24B726680062DAE4 /* SceneDelegate.swift in Sources */,
			);
			runOnlyForDeploymentPostprocessing = 0;
		};
/* End PBXSourcesBuildPhase section */

/* Begin PBXVariantGroup section */
		10E25C1024B726680062DAE4 /* Main.storyboard */ = {
			isa = PBXVariantGroup;
			children = (
				10E25C1124B726680062DAE4 /* Base */,
			);
			name = Main.storyboard;
			sourceTree = "<group>";
		};
		10E25C1524B7266E0062DAE4 /* LaunchScreen.storyboard */ = {
			isa = PBXVariantGroup;
			children = (
				10E25C1624B7266E0062DAE4 /* Base */,
			);
			name = LaunchScreen.storyboard;
			sourceTree = "<group>";
		};
/* End PBXVariantGroup section */

/* Begin XCBuildConfiguration section */
		10E25C1924B7266E0062DAE4 /* Debug */ = {
			isa = XCBuildConfiguration;
			buildSettings = {
				ALWAYS_SEARCH_USER_PATHS = NO;
				CLANG_ANALYZER_NONNULL = YES;
				CLANG_ANALYZER_NUMBER_OBJECT_CONVERSION = YES_AGGRESSIVE;
				CLANG_CXX_LANGUAGE_STANDARD = "gnu++14";
				CLANG_CXX_LIBRARY = "libc++";
				CLANG_ENABLE_MODULES = YES;
				CLANG_ENABLE_OBJC_ARC = YES;
				CLANG_ENABLE_OBJC_WEAK = YES;
				CLANG_WARN_BLOCK_CAPTURE_AUTORELEASING = YES;
				CLANG_WARN_BOOL_CONVERSION = YES;
				CLANG_WARN_COMMA = YES;
				CLANG_WARN_CONSTANT_CONVERSION = YES;
				CLANG_WARN_DEPRECATED_OBJC_IMPLEMENTATIONS = YES;
				CLANG_WARN_DIRECT_OBJC_ISA_USAGE = YES_ERROR;
				CLANG_WARN_DOCUMENTATION_COMMENTS = YES;
				CLANG_WARN_EMPTY_BODY = YES;
				CLANG_WARN_ENUM_CONVERSION = YES;
				CLANG_WARN_INFINITE_RECURSION = YES;
				CLANG_WARN_INT_CONVERSION = YES;
				CLANG_WARN_NON_LITERAL_NULL_CONVERSION = YES;
				CLANG_WARN_OBJC_IMPLICIT_RETAIN_SELF = YES;
				CLANG_WARN_OBJC_LITERAL_CONVERSION = YES;
				CLANG_WARN_OBJC_ROOT_CLASS = YES_ERROR;
				CLANG_WARN_RANGE_LOOP_ANALYSIS = YES;
				CLANG_WARN_STRICT_PROTOTYPES = YES;
				CLANG_WARN_SUSPICIOUS_MOVE = YES;
				CLANG_WARN_UNGUARDED_AVAILABILITY = YES_AGGRESSIVE;
				CLANG_WARN_UNREACHABLE_CODE = YES;
				CLANG_WARN__DUPLICATE_METHOD_MATCH = YES;
				COPY_PHASE_STRIP = NO;
				DEBUG_INFORMATION_FORMAT = dwarf;
				ENABLE_STRICT_OBJC_MSGSEND = YES;
				ENABLE_TESTABILITY = YES;
				GCC_C_LANGUAGE_STANDARD = gnu11;
				GCC_DYNAMIC_NO_PIC = NO;
				GCC_NO_COMMON_BLOCKS = YES;
				GCC_OPTIMIZATION_LEVEL = 0;
				GCC_PREPROCESSOR_DEFINITIONS = (
					"DEBUG=1",
					"$(inherited)",
				);
				GCC_WARN_64_TO_32_BIT_CONVERSION = YES;
				GCC_WARN_ABOUT_RETURN_TYPE = YES_ERROR;
				GCC_WARN_UNDECLARED_SELECTOR = YES;
				GCC_WARN_UNINITIALIZED_AUTOS = YES_AGGRESSIVE;
				GCC_WARN_UNUSED_FUNCTION = YES;
				GCC_WARN_UNUSED_VARIABLE = YES;
				IPHONEOS_DEPLOYMENT_TARGET = 13.5;
				MTL_ENABLE_DEBUG_INFO = INCLUDE_SOURCE;
				MTL_FAST_MATH = YES;
				ONLY_ACTIVE_ARCH = YES;
				SDKROOT = iphoneos;
				SWIFT_ACTIVE_COMPILATION_CONDITIONS = DEBUG;
				SWIFT_OPTIMIZATION_LEVEL = "-Onone";
			};
			name = Debug;
		};
		10E25C1A24B7266E0062DAE4 /* Release */ = {
			isa = XCBuildConfiguration;
			buildSettings = {
				ALWAYS_SEARCH_USER_PATHS = NO;
				CLANG_ANALYZER_NONNULL = YES;
				CLANG_ANALYZER_NUMBER_OBJECT_CONVERSION = YES_AGGRESSIVE;
				CLANG_CXX_LANGUAGE_STANDARD = "gnu++14";
				CLANG_CXX_LIBRARY = "libc++";
				CLANG_ENABLE_MODULES = YES;
				CLANG_ENABLE_OBJC_ARC = YES;
				CLANG_ENABLE_OBJC_WEAK = YES;
				CLANG_WARN_BLOCK_CAPTURE_AUTORELEASING = YES;
				CLANG_WARN_BOOL_CONVERSION = YES;
				CLANG_WARN_COMMA = YES;
				CLANG_WARN_CONSTANT_CONVERSION = YES;
				CLANG_WARN_DEPRECATED_OBJC_IMPLEMENTATIONS = YES;
				CLANG_WARN_DIRECT_OBJC_ISA_USAGE = YES_ERROR;
				CLANG_WARN_DOCUMENTATION_COMMENTS = YES;
				CLANG_WARN_EMPTY_BODY = YES;
				CLANG_WARN_ENUM_CONVERSION = YES;
				CLANG_WARN_INFINITE_RECURSION = YES;
				CLANG_WARN_INT_CONVERSION = YES;
				CLANG_WARN_NON_LITERAL_NULL_CONVERSION = YES;
				CLANG_WARN_OBJC_IMPLICIT_RETAIN_SELF = YES;
				CLANG_WARN_OBJC_LITERAL_CONVERSION = YES;
				CLANG_WARN_OBJC_ROOT_CLASS = YES_ERROR;
				CLANG_WARN_RANGE_LOOP_ANALYSIS = YES;
				CLANG_WARN_STRICT_PROTOTYPES = YES;
				CLANG_WARN_SUSPICIOUS_MOVE = YES;
				CLANG_WARN_UNGUARDED_AVAILABILITY = YES_AGGRESSIVE;
				CLANG_WARN_UNREACHABLE_CODE = YES;
				CLANG_WARN__DUPLICATE_METHOD_MATCH = YES;
				COPY_PHASE_STRIP = NO;
				DEBUG_INFORMATION_FORMAT = "dwarf-with-dsym";
				ENABLE_NS_ASSERTIONS = NO;
				ENABLE_STRICT_OBJC_MSGSEND = YES;
				GCC_C_LANGUAGE_STANDARD = gnu11;
				GCC_NO_COMMON_BLOCKS = YES;
				GCC_WARN_64_TO_32_BIT_CONVERSION = YES;
				GCC_WARN_ABOUT_RETURN_TYPE = YES_ERROR;
				GCC_WARN_UNDECLARED_SELECTOR = YES;
				GCC_WARN_UNINITIALIZED_AUTOS = YES_AGGRESSIVE;
				GCC_WARN_UNUSED_FUNCTION = YES;
				GCC_WARN_UNUSED_VARIABLE = YES;
				IPHONEOS_DEPLOYMENT_TARGET = 13.5;
				MTL_ENABLE_DEBUG_INFO = NO;
				MTL_FAST_MATH = YES;
				SDKROOT = iphoneos;
				SWIFT_COMPILATION_MODE = wholemodule;
				SWIFT_OPTIMIZATION_LEVEL = "-O";
				VALIDATE_PRODUCT = YES;
			};
			name = Release;
		};
		10E25C1C24B7266E0062DAE4 /* Debug */ = {
			isa = XCBuildConfiguration;
			buildSettings = {
				ASSETCATALOG_COMPILER_APPICON_NAME = AppIcon;
				CODE_SIGN_STYLE = Automatic;
				DEVELOPMENT_TEAM = S587T76P6H;
				INFOPLIST_FILE = "ScrollView+Programmitically/Info.plist";
				LD_RUNPATH_SEARCH_PATHS = (
					"$(inherited)",
					"@executable_path/Frameworks",
				);
				PRODUCT_BUNDLE_IDENTIFIER = "com.abdullah.ScrollView-Programmitically";
				PRODUCT_NAME = "$(TARGET_NAME)";
				SWIFT_VERSION = 5.0;
				TARGETED_DEVICE_FAMILY = "1,2";
			};
			name = Debug;
		};
		10E25C1D24B7266E0062DAE4 /* Release */ = {
			isa = XCBuildConfiguration;
			buildSettings = {
				ASSETCATALOG_COMPILER_APPICON_NAME = AppIcon;
				CODE_SIGN_STYLE = Automatic;
				DEVELOPMENT_TEAM = S587T76P6H;
				INFOPLIST_FILE = "ScrollView+Programmitically/Info.plist";
				LD_RUNPATH_SEARCH_PATHS = (
					"$(inherited)",
					"@executable_path/Frameworks",
				);
				PRODUCT_BUNDLE_IDENTIFIER = "com.abdullah.ScrollView-Programmitically";
				PRODUCT_NAME = "$(TARGET_NAME)";
				SWIFT_VERSION = 5.0;
				TARGETED_DEVICE_FAMILY = "1,2";
			};
			name = Release;
		};
/* End XCBuildConfiguration section */

/* Begin XCConfigurationList section */
		10E25C0224B726680062DAE4 /* Build configuration list for PBXProject "ScrollView+Programmitically" */ = {
			isa = XCConfigurationList;
			buildConfigurations = (
				10E25C1924B7266E0062DAE4 /* Debug */,
				10E25C1A24B7266E0062DAE4 /* Release */,
			);
			defaultConfigurationIsVisible = 0;
			defaultConfigurationName = Release;
		};
		10E25C1B24B7266E0062DAE4 /* Build configuration list for PBXNativeTarget "ScrollView+Programmitically" */ = {
			isa = XCConfigurationList;
			buildConfigurations = (
				10E25C1C24B7266E0062DAE4 /* Debug */,
				10E25C1D24B7266E0062DAE4 /* Release */,
			);
			defaultConfigurationIsVisible = 0;
			defaultConfigurationName = Release;
		};
/* End XCConfigurationList section */
	};
	rootObject = 10E25BFF24B726680062DAE4 /* Project object */;
}
